// !$*UTF8*$!
{
	archiveVersion = 1;
	classes = {
	};
	objectVersion = 48;
	objects = {

/* Begin PBXBuildFile section */
		A3D58CC3654013FE2DA59315 /* libPods-UPSPower.a in Frameworks */ = {isa = PBXBuildFile; fileRef = 750407187259C868BCC2C80B /* libPods-UPSPower.a */; };
		F01C59AB1FE0C905005BDB12 /* UPSAlarmModel.m in Sources */ = {isa = PBXBuildFile; fileRef = F01C59AA1FE0C905005BDB12 /* UPSAlarmModel.m */; };
		F01C59AE1FE0CDDF005BDB12 /* UPSUpdateAlermSettingModel.m in Sources */ = {isa = PBXBuildFile; fileRef = F01C59AD1FE0CDDF005BDB12 /* UPSUpdateAlermSettingModel.m */; };
		F01C59B11FE0CED7005BDB12 /* UPSScreeningAlarmModel.m in Sources */ = {isa = PBXBuildFile; fileRef = F01C59B01FE0CED7005BDB12 /* UPSScreeningAlarmModel.m */; };
		F01C69AA1FD0F7D300BD280D /* UPSChileUserCellModel.m in Sources */ = {isa = PBXBuildFile; fileRef = F01C69A91FD0F7D300BD280D /* UPSChileUserCellModel.m */; };
		F01C69AD1FD12A2700BD280D /* UPSMainVC.m in Sources */ = {isa = PBXBuildFile; fileRef = F01C69AC1FD12A2700BD280D /* UPSMainVC.m */; };
		F01C69B61FD135AA00BD280D /* UPSLoginView.m in Sources */ = {isa = PBXBuildFile; fileRef = F01C69B51FD135AA00BD280D /* UPSLoginView.m */; };
		F01D507A1FF4CDF2000AAB27 /* UPSModelTool.m in Sources */ = {isa = PBXBuildFile; fileRef = F01D50791FF4CDF2000AAB27 /* UPSModelTool.m */; };
		F0228F7B1FD5310500A53245 /* UPSHttpNetWorkTool.m in Sources */ = {isa = PBXBuildFile; fileRef = F0228F791FD5310500A53245 /* UPSHttpNetWorkTool.m */; };
		F025C6A51FF36D3B00EAFBD6 /* UPSHistoryModel.m in Sources */ = {isa = PBXBuildFile; fileRef = F025C6A41FF36D3B00EAFBD6 /* UPSHistoryModel.m */; };
		F025C6A81FF36DB900EAFBD6 /* UPSBaseInfoModel.m in Sources */ = {isa = PBXBuildFile; fileRef = F025C6A71FF36DB900EAFBD6 /* UPSBaseInfoModel.m */; };
		F025C6AB1FF36F3E00EAFBD6 /* UPSBaseInfoVC.m in Sources */ = {isa = PBXBuildFile; fileRef = F025C6AA1FF36F3E00EAFBD6 /* UPSBaseInfoVC.m */; };
		F030EE101FECB59B00C8DA22 /* UPSContactVC.m in Sources */ = {isa = PBXBuildFile; fileRef = F030EE0F1FECB59B00C8DA22 /* UPSContactVC.m */; };
		F0317E091FEA51DD0090575D /* UPSAlarmRecordModel.m in Sources */ = {isa = PBXBuildFile; fileRef = F0317E081FEA51DD0090575D /* UPSAlarmRecordModel.m */; };
		F0317E0C1FEA52000090575D /* UPSSingalAlarmRecordModel.m in Sources */ = {isa = PBXBuildFile; fileRef = F0317E0B1FEA52000090575D /* UPSSingalAlarmRecordModel.m */; };
		F038DE591FD77FC500867921 /* UPSMainModel.m in Sources */ = {isa = PBXBuildFile; fileRef = F038DE581FD77FC500867921 /* UPSMainModel.m */; };
		F038DE5C1FD7855000867921 /* UPSEquipmentModel.m in Sources */ = {isa = PBXBuildFile; fileRef = F038DE5B1FD7855000867921 /* UPSEquipmentModel.m */; };
		F038DE5F1FD7929B00867921 /* UPSTool.m in Sources */ = {isa = PBXBuildFile; fileRef = F038DE5E1FD7929B00867921 /* UPSTool.m */; };
		F04155211FD62A230032A2AF /* UPSLoginBackView.m in Sources */ = {isa = PBXBuildFile; fileRef = F041551D1FD62A230032A2AF /* UPSLoginBackView.m */; };
		F04155221FD62A230032A2AF /* UPSLoginTextField.m in Sources */ = {isa = PBXBuildFile; fileRef = F041551E1FD62A230032A2AF /* UPSLoginTextField.m */; };
		F04BB45E1FE2080300EA5B48 /* YCXMenu.m in Sources */ = {isa = PBXBuildFile; fileRef = F04BB45A1FE2080300EA5B48 /* YCXMenu.m */; };
		F04BB45F1FE2080300EA5B48 /* YCXMenuItem.m in Sources */ = {isa = PBXBuildFile; fileRef = F04BB45B1FE2080300EA5B48 /* YCXMenuItem.m */; };
		F04F3C911FF5D4C100310137 /* CPMoveCellTableView.m in Sources */ = {isa = PBXBuildFile; fileRef = F04F3C901FF5D4C000310137 /* CPMoveCellTableView.m */; };
		F0510F101FF0E12000BD1052 /* NotificationService.m in Sources */ = {isa = PBXBuildFile; fileRef = F0510F0F1FF0E12000BD1052 /* NotificationService.m */; };
		F0510F141FF0E12100BD1052 /* NotificationService.appex in Embed App Extensions */ = {isa = PBXBuildFile; fileRef = F0510F0C1FF0E12000BD1052 /* NotificationService.appex */; settings = {ATTRIBUTES = (RemoveHeadersOnCopy, ); }; };
		F054D9481FCBED1D002BB8C6 /* alarmLevel.plist in Resources */ = {isa = PBXBuildFile; fileRef = F054D9471FCBED1D002BB8C6 /* alarmLevel.plist */; };
		F054D94B1FCC0866002BB8C6 /* UPSChildUsersVC.m in Sources */ = {isa = PBXBuildFile; fileRef = F054D94A1FCC0866002BB8C6 /* UPSChildUsersVC.m */; };
		F05D0E5B1FC529E600FD4218 /* UIImage+Image.m in Sources */ = {isa = PBXBuildFile; fileRef = F05D0E521FC529E600FD4218 /* UIImage+Image.m */; };
		F05D0E641FC52A6200FD4218 /* NSObject+Log.m in Sources */ = {isa = PBXBuildFile; fileRef = F05D0E611FC52A6200FD4218 /* NSObject+Log.m */; };
		F05D0E651FC52A6200FD4218 /* FileTool.m in Sources */ = {isa = PBXBuildFile; fileRef = F05D0E621FC52A6200FD4218 /* FileTool.m */; };
		F05D0E681FC52BA800FD4218 /* UIView+ZUtility.m in Sources */ = {isa = PBXBuildFile; fileRef = F05D0E671FC52BA800FD4218 /* UIView+ZUtility.m */; };
		F05D0E6F1FC544E200FD4218 /* YUFoldingTableView.m in Sources */ = {isa = PBXBuildFile; fileRef = F05D0E6A1FC544E200FD4218 /* YUFoldingTableView.m */; };
		F05D0E701FC544E200FD4218 /* Arrow.png in Resources */ = {isa = PBXBuildFile; fileRef = F05D0E6B1FC544E200FD4218 /* Arrow.png */; };
		F05D0E711FC544E200FD4218 /* YUFoldingSectionHeader.m in Sources */ = {isa = PBXBuildFile; fileRef = F05D0E6C1FC544E200FD4218 /* YUFoldingSectionHeader.m */; };
		F05D0E9A1FC56FF200FD4218 /* UPSEquipmentCell.m in Sources */ = {isa = PBXBuildFile; fileRef = F05D0E991FC56FF200FD4218 /* UPSEquipmentCell.m */; };
		F06512981FC7ACF600CC1A87 /* UPSAboutUsVC.m in Sources */ = {isa = PBXBuildFile; fileRef = F06512971FC7ACF600CC1A87 /* UPSAboutUsVC.m */; };
		F065129B1FC7CBEE00CC1A87 /* UPSAlarmVC.m in Sources */ = {isa = PBXBuildFile; fileRef = F065129A1FC7CBEE00CC1A87 /* UPSAlarmVC.m */; };
		F06512A11FC7F94100CC1A87 /* UPSAlarmCell.m in Sources */ = {isa = PBXBuildFile; fileRef = F06512A01FC7F94100CC1A87 /* UPSAlarmCell.m */; };
		F06910A31FFCB91300DEDDD5 /* UIView+GKExtension.m in Sources */ = {isa = PBXBuildFile; fileRef = F069109F1FFCB91300DEDDD5 /* UIView+GKExtension.m */; };
		F06910A41FFCB91300DEDDD5 /* GKCover.m in Sources */ = {isa = PBXBuildFile; fileRef = F06910A21FFCB91300DEDDD5 /* GKCover.m */; };
		F07945521FE8FFD70002713F /* UPSSettingCell.m in Sources */ = {isa = PBXBuildFile; fileRef = F07945501FE8FFD70002713F /* UPSSettingCell.m */; };
		F07945531FE8FFD70002713F /* UPSSettingCell.xib in Resources */ = {isa = PBXBuildFile; fileRef = F07945511FE8FFD70002713F /* UPSSettingCell.xib */; };
		F079455A1FE905880002713F /* UIView+SDAutoLayout.m in Sources */ = {isa = PBXBuildFile; fileRef = F07945551FE905870002713F /* UIView+SDAutoLayout.m */; };
		F079455B1FE905880002713F /* UITableView+SDAutoTableViewCellHeight.m in Sources */ = {isa = PBXBuildFile; fileRef = F07945581FE905870002713F /* UITableView+SDAutoTableViewCellHeight.m */; };
		F079455E1FE90D960002713F /* UPSSettingModel.m in Sources */ = {isa = PBXBuildFile; fileRef = F079455D1FE90D960002713F /* UPSSettingModel.m */; };
		F07B2BD11FD9462000BD9F1B /* UPSParentGroupModel.m in Sources */ = {isa = PBXBuildFile; fileRef = F07B2BD01FD9462000BD9F1B /* UPSParentGroupModel.m */; };
		F07B2BD41FD9467D00BD9F1B /* UPSGroupUPSModel.m in Sources */ = {isa = PBXBuildFile; fileRef = F07B2BD31FD9467D00BD9F1B /* UPSGroupUPSModel.m */; };
		F07C5AE61FCEB28D006C516C /* UPSChildUserCell.m in Sources */ = {isa = PBXBuildFile; fileRef = F07C5AE51FCEB28D006C516C /* UPSChildUserCell.m */; };
		F082E8AF1FF2067800BA3DEF /* UPSEquipmentVC.m in Sources */ = {isa = PBXBuildFile; fileRef = F02BEA771FC52633007FCF8A /* UPSEquipmentVC.m */; };
		F09319951FC5088700D04D82 /* AppDelegate.m in Sources */ = {isa = PBXBuildFile; fileRef = F09319941FC5088700D04D82 /* AppDelegate.m */; };
		F093199E1FC5088700D04D82 /* UPSPower.xcdatamodeld in Sources */ = {isa = PBXBuildFile; fileRef = F093199C1FC5088700D04D82 /* UPSPower.xcdatamodeld */; };
		F09319A01FC5088700D04D82 /* Assets.xcassets in Resources */ = {isa = PBXBuildFile; fileRef = F093199F1FC5088700D04D82 /* Assets.xcassets */; };
		F09319A31FC5088700D04D82 /* LaunchScreen.storyboard in Resources */ = {isa = PBXBuildFile; fileRef = F09319A11FC5088700D04D82 /* LaunchScreen.storyboard */; };
		F09319A61FC5088700D04D82 /* main.m in Sources */ = {isa = PBXBuildFile; fileRef = F09319A51FC5088700D04D82 /* main.m */; };
		F09319B01FC5088700D04D82 /* UPSPowerTests.m in Sources */ = {isa = PBXBuildFile; fileRef = F09319AF1FC5088700D04D82 /* UPSPowerTests.m */; };
		F09319BB1FC5088800D04D82 /* UPSPowerUITests.m in Sources */ = {isa = PBXBuildFile; fileRef = F09319BA1FC5088800D04D82 /* UPSPowerUITests.m */; };
		F09319E61FC51DE700D04D82 /* UPSTabVC.m in Sources */ = {isa = PBXBuildFile; fileRef = F09319E51FC51DE700D04D82 /* UPSTabVC.m */; };
		F09319E91FC51E5B00D04D82 /* UPSNacVC.m in Sources */ = {isa = PBXBuildFile; fileRef = F09319E81FC51E5B00D04D82 /* UPSNacVC.m */; };
		F0A1D9851FFB738C00FC09F6 /* UPSAlarmView.m in Sources */ = {isa = PBXBuildFile; fileRef = F0A1D9841FFB738C00FC09F6 /* UPSAlarmView.m */; };
		F0ABAB681FC815A400B32BCF /* UPSAlarmBtn.m in Sources */ = {isa = PBXBuildFile; fileRef = F0ABAB671FC815A400B32BCF /* UPSAlarmBtn.m */; };
		F0C9438A1FC6A15900A4B7DB /* UPSNormalVC.m in Sources */ = {isa = PBXBuildFile; fileRef = F0C943891FC6A15900A4B7DB /* UPSNormalVC.m */; };
		F0C9438D1FC6A17900A4B7DB /* UPSUnknownVC.m in Sources */ = {isa = PBXBuildFile; fileRef = F0C9438C1FC6A17900A4B7DB /* UPSUnknownVC.m */; };
		F0C943901FC6A1A300A4B7DB /* UPSFaultVC.m in Sources */ = {isa = PBXBuildFile; fileRef = F0C9438F1FC6A1A300A4B7DB /* UPSFaultVC.m */; };
		F0DBFDB81FC5249D004F66C9 /* UPSSettingVC.m in Sources */ = {isa = PBXBuildFile; fileRef = F0DBFDB71FC5249D004F66C9 /* UPSSettingVC.m */; };
		F0DBFDBB1FC524B2004F66C9 /* UPSMineVC.m in Sources */ = {isa = PBXBuildFile; fileRef = F0DBFDBA1FC524B2004F66C9 /* UPSMineVC.m */; };
		F0DE2D6F1FDA76A50080FAA5 /* UPSAddGroup.m in Sources */ = {isa = PBXBuildFile; fileRef = F0DE2D6E1FDA76A50080FAA5 /* UPSAddGroup.m */; };
		F0DE2D721FDA8A6C0080FAA5 /* UPSAddChildModel.m in Sources */ = {isa = PBXBuildFile; fileRef = F0DE2D711FDA8A6C0080FAA5 /* UPSAddChildModel.m */; };
		F0E2B47B1FD7D24400B14C69 /* UPSChildUserAccountModel.m in Sources */ = {isa = PBXBuildFile; fileRef = F0E2B47A1FD7D24400B14C69 /* UPSChildUserAccountModel.m */; };
/* End PBXBuildFile section */

/* Begin PBXContainerItemProxy section */
		F0510F121FF0E12100BD1052 /* PBXContainerItemProxy */ = {
			isa = PBXContainerItemProxy;
			containerPortal = F09319881FC5088700D04D82 /* Project object */;
			proxyType = 1;
			remoteGlobalIDString = F0510F0B1FF0E12000BD1052;
			remoteInfo = NotificationService;
		};
		F09319AC1FC5088700D04D82 /* PBXContainerItemProxy */ = {
			isa = PBXContainerItemProxy;
			containerPortal = F09319881FC5088700D04D82 /* Project object */;
			proxyType = 1;
			remoteGlobalIDString = F093198F1FC5088700D04D82;
			remoteInfo = UPSPower;
		};
		F09319B71FC5088800D04D82 /* PBXContainerItemProxy */ = {
			isa = PBXContainerItemProxy;
			containerPortal = F09319881FC5088700D04D82 /* Project object */;
			proxyType = 1;
			remoteGlobalIDString = F093198F1FC5088700D04D82;
			remoteInfo = UPSPower;
		};
/* End PBXContainerItemProxy section */

/* Begin PBXCopyFilesBuildPhase section */
		F0510F181FF0E12100BD1052 /* Embed App Extensions */ = {
			isa = PBXCopyFilesBuildPhase;
			buildActionMask = 2147483647;
			dstPath = "";
			dstSubfolderSpec = 13;
			files = (
				F0510F141FF0E12100BD1052 /* NotificationService.appex in Embed App Extensions */,
			);
			name = "Embed App Extensions";
			runOnlyForDeploymentPostprocessing = 0;
		};
/* End PBXCopyFilesBuildPhase section */

/* Begin PBXFileReference section */
		750407187259C868BCC2C80B /* libPods-UPSPower.a */ = {isa = PBXFileReference; explicitFileType = archive.ar; includeInIndex = 0; path = "libPods-UPSPower.a"; sourceTree = BUILT_PRODUCTS_DIR; };
		AADD0DE3F747753B7EDA9FDF /* Pods-UPSPower.debug.xcconfig */ = {isa = PBXFileReference; includeInIndex = 1; lastKnownFileType = text.xcconfig; name = "Pods-UPSPower.debug.xcconfig"; path = "Pods/Target Support Files/Pods-UPSPower/Pods-UPSPower.debug.xcconfig"; sourceTree = "<group>"; };
		DB3A93552508C555B6B3BB10 /* libPods-NotificationService.a */ = {isa = PBXFileReference; explicitFileType = archive.ar; includeInIndex = 0; path = "libPods-NotificationService.a"; sourceTree = BUILT_PRODUCTS_DIR; };
		E3FD12E4C475D74F1A321C9C /* Pods-UPSPower.release.xcconfig */ = {isa = PBXFileReference; includeInIndex = 1; lastKnownFileType = text.xcconfig; name = "Pods-UPSPower.release.xcconfig"; path = "Pods/Target Support Files/Pods-UPSPower/Pods-UPSPower.release.xcconfig"; sourceTree = "<group>"; };
		F01C59A91FE0C905005BDB12 /* UPSAlarmModel.h */ = {isa = PBXFileReference; lastKnownFileType = sourcecode.c.h; path = UPSAlarmModel.h; sourceTree = "<group>"; };
		F01C59AA1FE0C905005BDB12 /* UPSAlarmModel.m */ = {isa = PBXFileReference; lastKnownFileType = sourcecode.c.objc; path = UPSAlarmModel.m; sourceTree = "<group>"; };
		F01C59AC1FE0CDDF005BDB12 /* UPSUpdateAlermSettingModel.h */ = {isa = PBXFileReference; lastKnownFileType = sourcecode.c.h; path = UPSUpdateAlermSettingModel.h; sourceTree = "<group>"; };
		F01C59AD1FE0CDDF005BDB12 /* UPSUpdateAlermSettingModel.m */ = {isa = PBXFileReference; lastKnownFileType = sourcecode.c.objc; path = UPSUpdateAlermSettingModel.m; sourceTree = "<group>"; };
		F01C59AF1FE0CED7005BDB12 /* UPSScreeningAlarmModel.h */ = {isa = PBXFileReference; lastKnownFileType = sourcecode.c.h; path = UPSScreeningAlarmModel.h; sourceTree = "<group>"; };
		F01C59B01FE0CED7005BDB12 /* UPSScreeningAlarmModel.m */ = {isa = PBXFileReference; lastKnownFileType = sourcecode.c.objc; path = UPSScreeningAlarmModel.m; sourceTree = "<group>"; };
		F01C69A71FD0F0D700BD280D /* UPSPower.h */ = {isa = PBXFileReference; lastKnownFileType = sourcecode.c.h; path = UPSPower.h; sourceTree = "<group>"; };
		F01C69A81FD0F7D300BD280D /* UPSChileUserCellModel.h */ = {isa = PBXFileReference; lastKnownFileType = sourcecode.c.h; path = UPSChileUserCellModel.h; sourceTree = "<group>"; };
		F01C69A91FD0F7D300BD280D /* UPSChileUserCellModel.m */ = {isa = PBXFileReference; lastKnownFileType = sourcecode.c.objc; path = UPSChileUserCellModel.m; sourceTree = "<group>"; };
		F01C69AB1FD12A2700BD280D /* UPSMainVC.h */ = {isa = PBXFileReference; lastKnownFileType = sourcecode.c.h; path = UPSMainVC.h; sourceTree = "<group>"; };
		F01C69AC1FD12A2700BD280D /* UPSMainVC.m */ = {isa = PBXFileReference; lastKnownFileType = sourcecode.c.objc; path = UPSMainVC.m; sourceTree = "<group>"; };
		F01C69B41FD135AA00BD280D /* UPSLoginView.h */ = {isa = PBXFileReference; lastKnownFileType = sourcecode.c.h; path = UPSLoginView.h; sourceTree = "<group>"; };
		F01C69B51FD135AA00BD280D /* UPSLoginView.m */ = {isa = PBXFileReference; lastKnownFileType = sourcecode.c.objc; path = UPSLoginView.m; sourceTree = "<group>"; };
		F01D50781FF4CDF2000AAB27 /* UPSModelTool.h */ = {isa = PBXFileReference; lastKnownFileType = sourcecode.c.h; path = UPSModelTool.h; sourceTree = "<group>"; };
		F01D50791FF4CDF2000AAB27 /* UPSModelTool.m */ = {isa = PBXFileReference; lastKnownFileType = sourcecode.c.objc; path = UPSModelTool.m; sourceTree = "<group>"; };
		F0228F791FD5310500A53245 /* UPSHttpNetWorkTool.m */ = {isa = PBXFileReference; fileEncoding = 4; lastKnownFileType = sourcecode.c.objc; path = UPSHttpNetWorkTool.m; sourceTree = "<group>"; };
		F0228F7A1FD5310500A53245 /* UPSHttpNetWorkTool.h */ = {isa = PBXFileReference; fileEncoding = 4; lastKnownFileType = sourcecode.c.h; path = UPSHttpNetWorkTool.h; sourceTree = "<group>"; };
		F025C6A31FF36D3B00EAFBD6 /* UPSHistoryModel.h */ = {isa = PBXFileReference; lastKnownFileType = sourcecode.c.h; path = UPSHistoryModel.h; sourceTree = "<group>"; };
		F025C6A41FF36D3B00EAFBD6 /* UPSHistoryModel.m */ = {isa = PBXFileReference; lastKnownFileType = sourcecode.c.objc; path = UPSHistoryModel.m; sourceTree = "<group>"; };
		F025C6A61FF36DB900EAFBD6 /* UPSBaseInfoModel.h */ = {isa = PBXFileReference; lastKnownFileType = sourcecode.c.h; path = UPSBaseInfoModel.h; sourceTree = "<group>"; };
		F025C6A71FF36DB900EAFBD6 /* UPSBaseInfoModel.m */ = {isa = PBXFileReference; lastKnownFileType = sourcecode.c.objc; path = UPSBaseInfoModel.m; sourceTree = "<group>"; };
		F025C6A91FF36F3E00EAFBD6 /* UPSBaseInfoVC.h */ = {isa = PBXFileReference; lastKnownFileType = sourcecode.c.h; path = UPSBaseInfoVC.h; sourceTree = "<group>"; };
		F025C6AA1FF36F3E00EAFBD6 /* UPSBaseInfoVC.m */ = {isa = PBXFileReference; lastKnownFileType = sourcecode.c.objc; path = UPSBaseInfoVC.m; sourceTree = "<group>"; };
		F02BEA761FC52633007FCF8A /* UPSEquipmentVC.h */ = {isa = PBXFileReference; fileEncoding = 4; lastKnownFileType = sourcecode.c.h; path = UPSEquipmentVC.h; sourceTree = "<group>"; };
		F02BEA771FC52633007FCF8A /* UPSEquipmentVC.m */ = {isa = PBXFileReference; fileEncoding = 4; lastKnownFileType = sourcecode.c.objc; path = UPSEquipmentVC.m; sourceTree = "<group>"; };
		F030EE0E1FECB59B00C8DA22 /* UPSContactVC.h */ = {isa = PBXFileReference; lastKnownFileType = sourcecode.c.h; path = UPSContactVC.h; sourceTree = "<group>"; };
		F030EE0F1FECB59B00C8DA22 /* UPSContactVC.m */ = {isa = PBXFileReference; lastKnownFileType = sourcecode.c.objc; path = UPSContactVC.m; sourceTree = "<group>"; };
		F0317E071FEA51DD0090575D /* UPSAlarmRecordModel.h */ = {isa = PBXFileReference; lastKnownFileType = sourcecode.c.h; path = UPSAlarmRecordModel.h; sourceTree = "<group>"; };
		F0317E081FEA51DD0090575D /* UPSAlarmRecordModel.m */ = {isa = PBXFileReference; lastKnownFileType = sourcecode.c.objc; path = UPSAlarmRecordModel.m; sourceTree = "<group>"; };
		F0317E0A1FEA52000090575D /* UPSSingalAlarmRecordModel.h */ = {isa = PBXFileReference; lastKnownFileType = sourcecode.c.h; path = UPSSingalAlarmRecordModel.h; sourceTree = "<group>"; };
		F0317E0B1FEA52000090575D /* UPSSingalAlarmRecordModel.m */ = {isa = PBXFileReference; lastKnownFileType = sourcecode.c.objc; path = UPSSingalAlarmRecordModel.m; sourceTree = "<group>"; };
		F038DE571FD77FC500867921 /* UPSMainModel.h */ = {isa = PBXFileReference; lastKnownFileType = sourcecode.c.h; path = UPSMainModel.h; sourceTree = "<group>"; };
		F038DE581FD77FC500867921 /* UPSMainModel.m */ = {isa = PBXFileReference; lastKnownFileType = sourcecode.c.objc; path = UPSMainModel.m; sourceTree = "<group>"; };
		F038DE5A1FD7855000867921 /* UPSEquipmentModel.h */ = {isa = PBXFileReference; lastKnownFileType = sourcecode.c.h; path = UPSEquipmentModel.h; sourceTree = "<group>"; };
		F038DE5B1FD7855000867921 /* UPSEquipmentModel.m */ = {isa = PBXFileReference; lastKnownFileType = sourcecode.c.objc; path = UPSEquipmentModel.m; sourceTree = "<group>"; };
		F038DE5D1FD7929B00867921 /* UPSTool.h */ = {isa = PBXFileReference; lastKnownFileType = sourcecode.c.h; path = UPSTool.h; sourceTree = "<group>"; };
		F038DE5E1FD7929B00867921 /* UPSTool.m */ = {isa = PBXFileReference; lastKnownFileType = sourcecode.c.objc; path = UPSTool.m; sourceTree = "<group>"; };
		F041551D1FD62A230032A2AF /* UPSLoginBackView.m */ = {isa = PBXFileReference; fileEncoding = 4; lastKnownFileType = sourcecode.c.objc; path = UPSLoginBackView.m; sourceTree = "<group>"; };
		F041551E1FD62A230032A2AF /* UPSLoginTextField.m */ = {isa = PBXFileReference; fileEncoding = 4; lastKnownFileType = sourcecode.c.objc; path = UPSLoginTextField.m; sourceTree = "<group>"; };
		F041551F1FD62A230032A2AF /* UPSLoginBackView.h */ = {isa = PBXFileReference; fileEncoding = 4; lastKnownFileType = sourcecode.c.h; path = UPSLoginBackView.h; sourceTree = "<group>"; };
		F04155201FD62A230032A2AF /* UPSLoginTextField.h */ = {isa = PBXFileReference; fileEncoding = 4; lastKnownFileType = sourcecode.c.h; path = UPSLoginTextField.h; sourceTree = "<group>"; };
		F04BB45A1FE2080300EA5B48 /* YCXMenu.m */ = {isa = PBXFileReference; fileEncoding = 4; lastKnownFileType = sourcecode.c.objc; path = YCXMenu.m; sourceTree = "<group>"; };
		F04BB45B1FE2080300EA5B48 /* YCXMenuItem.m */ = {isa = PBXFileReference; fileEncoding = 4; lastKnownFileType = sourcecode.c.objc; path = YCXMenuItem.m; sourceTree = "<group>"; };
		F04BB45C1FE2080300EA5B48 /* YCXMenuItem.h */ = {isa = PBXFileReference; fileEncoding = 4; lastKnownFileType = sourcecode.c.h; path = YCXMenuItem.h; sourceTree = "<group>"; };
		F04BB45D1FE2080300EA5B48 /* YCXMenu.h */ = {isa = PBXFileReference; fileEncoding = 4; lastKnownFileType = sourcecode.c.h; path = YCXMenu.h; sourceTree = "<group>"; };
		F04F3C8F1FF5D4C000310137 /* CPMoveCellTableView.h */ = {isa = PBXFileReference; fileEncoding = 4; lastKnownFileType = sourcecode.c.h; path = CPMoveCellTableView.h; sourceTree = "<group>"; };
		F04F3C901FF5D4C000310137 /* CPMoveCellTableView.m */ = {isa = PBXFileReference; fileEncoding = 4; lastKnownFileType = sourcecode.c.objc; path = CPMoveCellTableView.m; sourceTree = "<group>"; };
		F0510F0C1FF0E12000BD1052 /* NotificationService.appex */ = {isa = PBXFileReference; explicitFileType = "wrapper.app-extension"; includeInIndex = 0; path = NotificationService.appex; sourceTree = BUILT_PRODUCTS_DIR; };
		F0510F0E1FF0E12000BD1052 /* NotificationService.h */ = {isa = PBXFileReference; lastKnownFileType = sourcecode.c.h; path = NotificationService.h; sourceTree = "<group>"; };
		F0510F0F1FF0E12000BD1052 /* NotificationService.m */ = {isa = PBXFileReference; lastKnownFileType = sourcecode.c.objc; path = NotificationService.m; sourceTree = "<group>"; };
		F0510F111FF0E12100BD1052 /* Info.plist */ = {isa = PBXFileReference; lastKnownFileType = text.plist.xml; path = Info.plist; sourceTree = "<group>"; };
		F0510F191FF0E1DF00BD1052 /* UPSPower.entitlements */ = {isa = PBXFileReference; lastKnownFileType = text.plist.entitlements; path = UPSPower.entitlements; sourceTree = "<group>"; };
		F054D9471FCBED1D002BB8C6 /* alarmLevel.plist */ = {isa = PBXFileReference; lastKnownFileType = text.plist.xml; path = alarmLevel.plist; sourceTree = "<group>"; };
		F054D9491FCC0866002BB8C6 /* UPSChildUsersVC.h */ = {isa = PBXFileReference; lastKnownFileType = sourcecode.c.h; path = UPSChildUsersVC.h; sourceTree = "<group>"; };
		F054D94A1FCC0866002BB8C6 /* UPSChildUsersVC.m */ = {isa = PBXFileReference; lastKnownFileType = sourcecode.c.objc; path = UPSChildUsersVC.m; sourceTree = "<group>"; };
		F05D0E521FC529E600FD4218 /* UIImage+Image.m */ = {isa = PBXFileReference; fileEncoding = 4; lastKnownFileType = sourcecode.c.objc; path = "UIImage+Image.m"; sourceTree = "<group>"; };
		F05D0E571FC529E600FD4218 /* UIImage+Image.h */ = {isa = PBXFileReference; fileEncoding = 4; lastKnownFileType = sourcecode.c.h; path = "UIImage+Image.h"; sourceTree = "<group>"; };
		F05D0E601FC52A6200FD4218 /* FileTool.h */ = {isa = PBXFileReference; fileEncoding = 4; lastKnownFileType = sourcecode.c.h; path = FileTool.h; sourceTree = "<group>"; };
		F05D0E611FC52A6200FD4218 /* NSObject+Log.m */ = {isa = PBXFileReference; fileEncoding = 4; lastKnownFileType = sourcecode.c.objc; path = "NSObject+Log.m"; sourceTree = "<group>"; };
		F05D0E621FC52A6200FD4218 /* FileTool.m */ = {isa = PBXFileReference; fileEncoding = 4; lastKnownFileType = sourcecode.c.objc; path = FileTool.m; sourceTree = "<group>"; };
		F05D0E631FC52A6200FD4218 /* NSObject+Log.h */ = {isa = PBXFileReference; fileEncoding = 4; lastKnownFileType = sourcecode.c.h; path = "NSObject+Log.h"; sourceTree = "<group>"; };
		F05D0E661FC52BA800FD4218 /* UIView+ZUtility.h */ = {isa = PBXFileReference; fileEncoding = 4; lastKnownFileType = sourcecode.c.h; path = "UIView+ZUtility.h"; sourceTree = "<group>"; };
		F05D0E671FC52BA800FD4218 /* UIView+ZUtility.m */ = {isa = PBXFileReference; fileEncoding = 4; lastKnownFileType = sourcecode.c.objc; path = "UIView+ZUtility.m"; sourceTree = "<group>"; };
		F05D0E6A1FC544E200FD4218 /* YUFoldingTableView.m */ = {isa = PBXFileReference; fileEncoding = 4; lastKnownFileType = sourcecode.c.objc; path = YUFoldingTableView.m; sourceTree = "<group>"; };
		F05D0E6B1FC544E200FD4218 /* Arrow.png */ = {isa = PBXFileReference; lastKnownFileType = image.png; path = Arrow.png; sourceTree = "<group>"; };
		F05D0E6C1FC544E200FD4218 /* YUFoldingSectionHeader.m */ = {isa = PBXFileReference; fileEncoding = 4; lastKnownFileType = sourcecode.c.objc; path = YUFoldingSectionHeader.m; sourceTree = "<group>"; };
		F05D0E6D1FC544E200FD4218 /* YUFoldingTableView.h */ = {isa = PBXFileReference; fileEncoding = 4; lastKnownFileType = sourcecode.c.h; path = YUFoldingTableView.h; sourceTree = "<group>"; };
		F05D0E6E1FC544E200FD4218 /* YUFoldingSectionHeader.h */ = {isa = PBXFileReference; fileEncoding = 4; lastKnownFileType = sourcecode.c.h; path = YUFoldingSectionHeader.h; sourceTree = "<group>"; };
		F05D0E721FC5496F00FD4218 /* UPSPowerPCH.pch */ = {isa = PBXFileReference; lastKnownFileType = sourcecode.c.h; path = UPSPowerPCH.pch; sourceTree = "<group>"; };
		F05D0E981FC56FF200FD4218 /* UPSEquipmentCell.h */ = {isa = PBXFileReference; lastKnownFileType = sourcecode.c.h; path = UPSEquipmentCell.h; sourceTree = "<group>"; };
		F05D0E991FC56FF200FD4218 /* UPSEquipmentCell.m */ = {isa = PBXFileReference; lastKnownFileType = sourcecode.c.objc; path = UPSEquipmentCell.m; sourceTree = "<group>"; };
		F06512961FC7ACF600CC1A87 /* UPSAboutUsVC.h */ = {isa = PBXFileReference; lastKnownFileType = sourcecode.c.h; path = UPSAboutUsVC.h; sourceTree = "<group>"; };
		F06512971FC7ACF600CC1A87 /* UPSAboutUsVC.m */ = {isa = PBXFileReference; lastKnownFileType = sourcecode.c.objc; path = UPSAboutUsVC.m; sourceTree = "<group>"; };
		F06512991FC7CBEE00CC1A87 /* UPSAlarmVC.h */ = {isa = PBXFileReference; lastKnownFileType = sourcecode.c.h; path = UPSAlarmVC.h; sourceTree = "<group>"; };
		F065129A1FC7CBEE00CC1A87 /* UPSAlarmVC.m */ = {isa = PBXFileReference; lastKnownFileType = sourcecode.c.objc; path = UPSAlarmVC.m; sourceTree = "<group>"; };
		F065129F1FC7F94100CC1A87 /* UPSAlarmCell.h */ = {isa = PBXFileReference; lastKnownFileType = sourcecode.c.h; path = UPSAlarmCell.h; sourceTree = "<group>"; };
		F06512A01FC7F94100CC1A87 /* UPSAlarmCell.m */ = {isa = PBXFileReference; lastKnownFileType = sourcecode.c.objc; path = UPSAlarmCell.m; sourceTree = "<group>"; };
		F069109D1FFCB91300DEDDD5 /* GKCover.h */ = {isa = PBXFileReference; fileEncoding = 4; lastKnownFileType = sourcecode.c.h; path = GKCover.h; sourceTree = "<group>"; };
		F069109F1FFCB91300DEDDD5 /* UIView+GKExtension.m */ = {isa = PBXFileReference; fileEncoding = 4; lastKnownFileType = sourcecode.c.objc; path = "UIView+GKExtension.m"; sourceTree = "<group>"; };
		F06910A01FFCB91300DEDDD5 /* UIView+GKExtension.h */ = {isa = PBXFileReference; fileEncoding = 4; lastKnownFileType = sourcecode.c.h; path = "UIView+GKExtension.h"; sourceTree = "<group>"; };
		F06910A11FFCB91300DEDDD5 /* GKCoverEnum.h */ = {isa = PBXFileReference; fileEncoding = 4; lastKnownFileType = sourcecode.c.h; path = GKCoverEnum.h; sourceTree = "<group>"; };
		F06910A21FFCB91300DEDDD5 /* GKCover.m */ = {isa = PBXFileReference; fileEncoding = 4; lastKnownFileType = sourcecode.c.objc; path = GKCover.m; sourceTree = "<group>"; };
		F079454F1FE8FFD70002713F /* UPSSettingCell.h */ = {isa = PBXFileReference; lastKnownFileType = sourcecode.c.h; path = UPSSettingCell.h; sourceTree = "<group>"; };
		F07945501FE8FFD70002713F /* UPSSettingCell.m */ = {isa = PBXFileReference; lastKnownFileType = sourcecode.c.objc; path = UPSSettingCell.m; sourceTree = "<group>"; };
		F07945511FE8FFD70002713F /* UPSSettingCell.xib */ = {isa = PBXFileReference; lastKnownFileType = file.xib; path = UPSSettingCell.xib; sourceTree = "<group>"; };
		F07945551FE905870002713F /* UIView+SDAutoLayout.m */ = {isa = PBXFileReference; fileEncoding = 4; lastKnownFileType = sourcecode.c.objc; path = "UIView+SDAutoLayout.m"; sourceTree = "<group>"; };
		F07945561FE905870002713F /* UITableView+SDAutoTableViewCellHeight.h */ = {isa = PBXFileReference; fileEncoding = 4; lastKnownFileType = sourcecode.c.h; path = "UITableView+SDAutoTableViewCellHeight.h"; sourceTree = "<group>"; };
		F07945571FE905870002713F /* SDAutoLayout.h */ = {isa = PBXFileReference; fileEncoding = 4; lastKnownFileType = sourcecode.c.h; path = SDAutoLayout.h; sourceTree = "<group>"; };
		F07945581FE905870002713F /* UITableView+SDAutoTableViewCellHeight.m */ = {isa = PBXFileReference; fileEncoding = 4; lastKnownFileType = sourcecode.c.objc; path = "UITableView+SDAutoTableViewCellHeight.m"; sourceTree = "<group>"; };
		F07945591FE905870002713F /* UIView+SDAutoLayout.h */ = {isa = PBXFileReference; fileEncoding = 4; lastKnownFileType = sourcecode.c.h; path = "UIView+SDAutoLayout.h"; sourceTree = "<group>"; };
		F079455C1FE90D960002713F /* UPSSettingModel.h */ = {isa = PBXFileReference; lastKnownFileType = sourcecode.c.h; path = UPSSettingModel.h; sourceTree = "<group>"; };
		F079455D1FE90D960002713F /* UPSSettingModel.m */ = {isa = PBXFileReference; lastKnownFileType = sourcecode.c.objc; path = UPSSettingModel.m; sourceTree = "<group>"; };
		F07B2BCF1FD9462000BD9F1B /* UPSParentGroupModel.h */ = {isa = PBXFileReference; lastKnownFileType = sourcecode.c.h; path = UPSParentGroupModel.h; sourceTree = "<group>"; };
		F07B2BD01FD9462000BD9F1B /* UPSParentGroupModel.m */ = {isa = PBXFileReference; lastKnownFileType = sourcecode.c.objc; path = UPSParentGroupModel.m; sourceTree = "<group>"; };
		F07B2BD21FD9467D00BD9F1B /* UPSGroupUPSModel.h */ = {isa = PBXFileReference; lastKnownFileType = sourcecode.c.h; path = UPSGroupUPSModel.h; sourceTree = "<group>"; };
		F07B2BD31FD9467D00BD9F1B /* UPSGroupUPSModel.m */ = {isa = PBXFileReference; lastKnownFileType = sourcecode.c.objc; path = UPSGroupUPSModel.m; sourceTree = "<group>"; };
		F07C5AE41FCEB28D006C516C /* UPSChildUserCell.h */ = {isa = PBXFileReference; lastKnownFileType = sourcecode.c.h; path = UPSChildUserCell.h; sourceTree = "<group>"; };
		F07C5AE51FCEB28D006C516C /* UPSChildUserCell.m */ = {isa = PBXFileReference; lastKnownFileType = sourcecode.c.objc; path = UPSChildUserCell.m; sourceTree = "<group>"; };
		F09319901FC5088700D04D82 /* UPSPower.app */ = {isa = PBXFileReference; explicitFileType = wrapper.application; includeInIndex = 0; path = UPSPower.app; sourceTree = BUILT_PRODUCTS_DIR; };
		F09319931FC5088700D04D82 /* AppDelegate.h */ = {isa = PBXFileReference; lastKnownFileType = sourcecode.c.h; path = AppDelegate.h; sourceTree = "<group>"; };
		F09319941FC5088700D04D82 /* AppDelegate.m */ = {isa = PBXFileReference; lastKnownFileType = sourcecode.c.objc; path = AppDelegate.m; sourceTree = "<group>"; };
		F093199D1FC5088700D04D82 /* UPSPower.xcdatamodel */ = {isa = PBXFileReference; lastKnownFileType = wrapper.xcdatamodel; path = UPSPower.xcdatamodel; sourceTree = "<group>"; };
		F093199F1FC5088700D04D82 /* Assets.xcassets */ = {isa = PBXFileReference; lastKnownFileType = folder.assetcatalog; path = Assets.xcassets; sourceTree = "<group>"; };
		F09319A21FC5088700D04D82 /* Base */ = {isa = PBXFileReference; lastKnownFileType = file.storyboard; name = Base; path = Base.lproj/LaunchScreen.storyboard; sourceTree = "<group>"; };
		F09319A41FC5088700D04D82 /* Info.plist */ = {isa = PBXFileReference; lastKnownFileType = text.plist.xml; path = Info.plist; sourceTree = "<group>"; };
		F09319A51FC5088700D04D82 /* main.m */ = {isa = PBXFileReference; lastKnownFileType = sourcecode.c.objc; path = main.m; sourceTree = "<group>"; };
		F09319AB1FC5088700D04D82 /* UPSPowerTests.xctest */ = {isa = PBXFileReference; explicitFileType = wrapper.cfbundle; includeInIndex = 0; path = UPSPowerTests.xctest; sourceTree = BUILT_PRODUCTS_DIR; };
		F09319AF1FC5088700D04D82 /* UPSPowerTests.m */ = {isa = PBXFileReference; lastKnownFileType = sourcecode.c.objc; path = UPSPowerTests.m; sourceTree = "<group>"; };
		F09319B11FC5088800D04D82 /* Info.plist */ = {isa = PBXFileReference; lastKnownFileType = text.plist.xml; path = Info.plist; sourceTree = "<group>"; };
		F09319B61FC5088800D04D82 /* UPSPowerUITests.xctest */ = {isa = PBXFileReference; explicitFileType = wrapper.cfbundle; includeInIndex = 0; path = UPSPowerUITests.xctest; sourceTree = BUILT_PRODUCTS_DIR; };
		F09319BA1FC5088800D04D82 /* UPSPowerUITests.m */ = {isa = PBXFileReference; lastKnownFileType = sourcecode.c.objc; path = UPSPowerUITests.m; sourceTree = "<group>"; };
		F09319BC1FC5088800D04D82 /* Info.plist */ = {isa = PBXFileReference; lastKnownFileType = text.plist.xml; path = Info.plist; sourceTree = "<group>"; };
		F09319E41FC51DE700D04D82 /* UPSTabVC.h */ = {isa = PBXFileReference; lastKnownFileType = sourcecode.c.h; path = UPSTabVC.h; sourceTree = "<group>"; };
		F09319E51FC51DE700D04D82 /* UPSTabVC.m */ = {isa = PBXFileReference; lastKnownFileType = sourcecode.c.objc; path = UPSTabVC.m; sourceTree = "<group>"; };
		F09319E71FC51E5B00D04D82 /* UPSNacVC.h */ = {isa = PBXFileReference; lastKnownFileType = sourcecode.c.h; path = UPSNacVC.h; sourceTree = "<group>"; };
		F09319E81FC51E5B00D04D82 /* UPSNacVC.m */ = {isa = PBXFileReference; lastKnownFileType = sourcecode.c.objc; path = UPSNacVC.m; sourceTree = "<group>"; };
		F0A1D9831FFB738C00FC09F6 /* UPSAlarmView.h */ = {isa = PBXFileReference; lastKnownFileType = sourcecode.c.h; path = UPSAlarmView.h; sourceTree = "<group>"; };
		F0A1D9841FFB738C00FC09F6 /* UPSAlarmView.m */ = {isa = PBXFileReference; lastKnownFileType = sourcecode.c.objc; path = UPSAlarmView.m; sourceTree = "<group>"; };
		F0ABAB661FC815A400B32BCF /* UPSAlarmBtn.h */ = {isa = PBXFileReference; lastKnownFileType = sourcecode.c.h; path = UPSAlarmBtn.h; sourceTree = "<group>"; };
		F0ABAB671FC815A400B32BCF /* UPSAlarmBtn.m */ = {isa = PBXFileReference; lastKnownFileType = sourcecode.c.objc; path = UPSAlarmBtn.m; sourceTree = "<group>"; };
		F0C943881FC6A15900A4B7DB /* UPSNormalVC.h */ = {isa = PBXFileReference; lastKnownFileType = sourcecode.c.h; path = UPSNormalVC.h; sourceTree = "<group>"; };
		F0C943891FC6A15900A4B7DB /* UPSNormalVC.m */ = {isa = PBXFileReference; lastKnownFileType = sourcecode.c.objc; path = UPSNormalVC.m; sourceTree = "<group>"; };
		F0C9438B1FC6A17900A4B7DB /* UPSUnknownVC.h */ = {isa = PBXFileReference; lastKnownFileType = sourcecode.c.h; path = UPSUnknownVC.h; sourceTree = "<group>"; };
		F0C9438C1FC6A17900A4B7DB /* UPSUnknownVC.m */ = {isa = PBXFileReference; lastKnownFileType = sourcecode.c.objc; path = UPSUnknownVC.m; sourceTree = "<group>"; };
		F0C9438E1FC6A1A300A4B7DB /* UPSFaultVC.h */ = {isa = PBXFileReference; lastKnownFileType = sourcecode.c.h; path = UPSFaultVC.h; sourceTree = "<group>"; };
		F0C9438F1FC6A1A300A4B7DB /* UPSFaultVC.m */ = {isa = PBXFileReference; lastKnownFileType = sourcecode.c.objc; path = UPSFaultVC.m; sourceTree = "<group>"; };
		F0DBFDB61FC5249D004F66C9 /* UPSSettingVC.h */ = {isa = PBXFileReference; lastKnownFileType = sourcecode.c.h; path = UPSSettingVC.h; sourceTree = "<group>"; };
		F0DBFDB71FC5249D004F66C9 /* UPSSettingVC.m */ = {isa = PBXFileReference; lastKnownFileType = sourcecode.c.objc; path = UPSSettingVC.m; sourceTree = "<group>"; };
		F0DBFDB91FC524B2004F66C9 /* UPSMineVC.h */ = {isa = PBXFileReference; lastKnownFileType = sourcecode.c.h; path = UPSMineVC.h; sourceTree = "<group>"; };
		F0DBFDBA1FC524B2004F66C9 /* UPSMineVC.m */ = {isa = PBXFileReference; lastKnownFileType = sourcecode.c.objc; path = UPSMineVC.m; sourceTree = "<group>"; };
		F0DE2D6D1FDA76A50080FAA5 /* UPSAddGroup.h */ = {isa = PBXFileReference; lastKnownFileType = sourcecode.c.h; path = UPSAddGroup.h; sourceTree = "<group>"; };
		F0DE2D6E1FDA76A50080FAA5 /* UPSAddGroup.m */ = {isa = PBXFileReference; lastKnownFileType = sourcecode.c.objc; path = UPSAddGroup.m; sourceTree = "<group>"; };
		F0DE2D701FDA8A6C0080FAA5 /* UPSAddChildModel.h */ = {isa = PBXFileReference; lastKnownFileType = sourcecode.c.h; path = UPSAddChildModel.h; sourceTree = "<group>"; };
		F0DE2D711FDA8A6C0080FAA5 /* UPSAddChildModel.m */ = {isa = PBXFileReference; lastKnownFileType = sourcecode.c.objc; path = UPSAddChildModel.m; sourceTree = "<group>"; };
		F0E2B4791FD7D24400B14C69 /* UPSChildUserAccountModel.h */ = {isa = PBXFileReference; lastKnownFileType = sourcecode.c.h; path = UPSChildUserAccountModel.h; sourceTree = "<group>"; };
		F0E2B47A1FD7D24400B14C69 /* UPSChildUserAccountModel.m */ = {isa = PBXFileReference; lastKnownFileType = sourcecode.c.objc; path = UPSChildUserAccountModel.m; sourceTree = "<group>"; };
/* End PBXFileReference section */

/* Begin PBXFrameworksBuildPhase section */
		F0510F091FF0E12000BD1052 /* Frameworks */ = {
			isa = PBXFrameworksBuildPhase;
			buildActionMask = 2147483647;
			files = (
			);
			runOnlyForDeploymentPostprocessing = 0;
		};
		F093198D1FC5088700D04D82 /* Frameworks */ = {
			isa = PBXFrameworksBuildPhase;
			buildActionMask = 2147483647;
			files = (
				A3D58CC3654013FE2DA59315 /* libPods-UPSPower.a in Frameworks */,
			);
			runOnlyForDeploymentPostprocessing = 0;
		};
		F09319A81FC5088700D04D82 /* Frameworks */ = {
			isa = PBXFrameworksBuildPhase;
			buildActionMask = 2147483647;
			files = (
			);
			runOnlyForDeploymentPostprocessing = 0;
		};
		F09319B31FC5088800D04D82 /* Frameworks */ = {
			isa = PBXFrameworksBuildPhase;
			buildActionMask = 2147483647;
			files = (
			);
			runOnlyForDeploymentPostprocessing = 0;
		};
/* End PBXFrameworksBuildPhase section */

/* Begin PBXGroup section */
		0DAF368A69731B5A01A1D758 /* Frameworks */ = {
			isa = PBXGroup;
			children = (
				750407187259C868BCC2C80B /* libPods-UPSPower.a */,
				DB3A93552508C555B6B3BB10 /* libPods-NotificationService.a */,
			);
			name = Frameworks;
			sourceTree = "<group>";
		};
		13239FF878458D258D0C34AE /* Pods */ = {
			isa = PBXGroup;
			children = (
				AADD0DE3F747753B7EDA9FDF /* Pods-UPSPower.debug.xcconfig */,
				E3FD12E4C475D74F1A321C9C /* Pods-UPSPower.release.xcconfig */,
			);
			name = Pods;
			sourceTree = "<group>";
		};
		F02BEA721FC52614007FCF8A /* Equipment */ = {
			isa = PBXGroup;
			children = (
				F02BEA731FC52614007FCF8A /* Controller */,
				F02BEA741FC52614007FCF8A /* Model */,
				F02BEA751FC52614007FCF8A /* View */,
			);
			path = Equipment;
			sourceTree = "<group>";
		};
		F02BEA731FC52614007FCF8A /* Controller */ = {
			isa = PBXGroup;
			children = (
				F04F3C8F1FF5D4C000310137 /* CPMoveCellTableView.h */,
				F04F3C901FF5D4C000310137 /* CPMoveCellTableView.m */,
				F05D0E691FC544E200FD4218 /* YUFoldingTableView */,
				F02BEA761FC52633007FCF8A /* UPSEquipmentVC.h */,
				F02BEA771FC52633007FCF8A /* UPSEquipmentVC.m */,
				F025C6A91FF36F3E00EAFBD6 /* UPSBaseInfoVC.h */,
				F025C6AA1FF36F3E00EAFBD6 /* UPSBaseInfoVC.m */,
				F030EE0E1FECB59B00C8DA22 /* UPSContactVC.h */,
				F030EE0F1FECB59B00C8DA22 /* UPSContactVC.m */,
				F0C943881FC6A15900A4B7DB /* UPSNormalVC.h */,
				F0C943891FC6A15900A4B7DB /* UPSNormalVC.m */,
				F0C9438B1FC6A17900A4B7DB /* UPSUnknownVC.h */,
				F0C9438C1FC6A17900A4B7DB /* UPSUnknownVC.m */,
				F0C9438E1FC6A1A300A4B7DB /* UPSFaultVC.h */,
				F0C9438F1FC6A1A300A4B7DB /* UPSFaultVC.m */,
			);
			path = Controller;
			sourceTree = "<group>";
		};
		F02BEA741FC52614007FCF8A /* Model */ = {
			isa = PBXGroup;
			children = (
				F038DE5A1FD7855000867921 /* UPSEquipmentModel.h */,
				F038DE5B1FD7855000867921 /* UPSEquipmentModel.m */,
				F0DE2D6D1FDA76A50080FAA5 /* UPSAddGroup.h */,
				F0DE2D6E1FDA76A50080FAA5 /* UPSAddGroup.m */,
				F025C6A31FF36D3B00EAFBD6 /* UPSHistoryModel.h */,
				F025C6A41FF36D3B00EAFBD6 /* UPSHistoryModel.m */,
				F025C6A61FF36DB900EAFBD6 /* UPSBaseInfoModel.h */,
				F025C6A71FF36DB900EAFBD6 /* UPSBaseInfoModel.m */,
			);
			path = Model;
			sourceTree = "<group>";
		};
		F02BEA751FC52614007FCF8A /* View */ = {
			isa = PBXGroup;
			children = (
				F05D0E981FC56FF200FD4218 /* UPSEquipmentCell.h */,
				F05D0E991FC56FF200FD4218 /* UPSEquipmentCell.m */,
			);
			path = View;
			sourceTree = "<group>";
		};
		F04BB4591FE2080300EA5B48 /* YCXMenu */ = {
			isa = PBXGroup;
			children = (
				F04BB45D1FE2080300EA5B48 /* YCXMenu.h */,
				F04BB45A1FE2080300EA5B48 /* YCXMenu.m */,
				F04BB45C1FE2080300EA5B48 /* YCXMenuItem.h */,
				F04BB45B1FE2080300EA5B48 /* YCXMenuItem.m */,
			);
			path = YCXMenu;
			sourceTree = "<group>";
		};
		F0510F0D1FF0E12000BD1052 /* NotificationService */ = {
			isa = PBXGroup;
			children = (
				F0510F0E1FF0E12000BD1052 /* NotificationService.h */,
				F0510F0F1FF0E12000BD1052 /* NotificationService.m */,
				F0510F111FF0E12100BD1052 /* Info.plist */,
			);
			path = NotificationService;
			sourceTree = "<group>";
		};
		F05D0E4F1FC529E600FD4218 /* Category */ = {
			isa = PBXGroup;
			children = (
				F05D0E661FC52BA800FD4218 /* UIView+ZUtility.h */,
				F05D0E671FC52BA800FD4218 /* UIView+ZUtility.m */,
				F05D0E571FC529E600FD4218 /* UIImage+Image.h */,
				F05D0E521FC529E600FD4218 /* UIImage+Image.m */,
			);
			path = Category;
			sourceTree = "<group>";
		};
		F05D0E5F1FC52A6200FD4218 /* Log */ = {
			isa = PBXGroup;
			children = (
				F05D0E611FC52A6200FD4218 /* NSObject+Log.m */,
				F05D0E631FC52A6200FD4218 /* NSObject+Log.h */,
			);
			path = Log;
			sourceTree = "<group>";
		};
		F05D0E691FC544E200FD4218 /* YUFoldingTableView */ = {
			isa = PBXGroup;
			children = (
				F05D0E6D1FC544E200FD4218 /* YUFoldingTableView.h */,
				F05D0E6A1FC544E200FD4218 /* YUFoldingTableView.m */,
				F05D0E6B1FC544E200FD4218 /* Arrow.png */,
				F05D0E6E1FC544E200FD4218 /* YUFoldingSectionHeader.h */,
				F05D0E6C1FC544E200FD4218 /* YUFoldingSectionHeader.m */,
			);
			path = YUFoldingTableView;
			sourceTree = "<group>";
		};
		F069109C1FFCB91300DEDDD5 /* GKCover */ = {
			isa = PBXGroup;
			children = (
				F069109D1FFCB91300DEDDD5 /* GKCover.h */,
				F069109E1FFCB91300DEDDD5 /* Category */,
				F06910A11FFCB91300DEDDD5 /* GKCoverEnum.h */,
				F06910A21FFCB91300DEDDD5 /* GKCover.m */,
			);
			path = GKCover;
			sourceTree = "<group>";
		};
		F069109E1FFCB91300DEDDD5 /* Category */ = {
			isa = PBXGroup;
			children = (
				F069109F1FFCB91300DEDDD5 /* UIView+GKExtension.m */,
				F06910A01FFCB91300DEDDD5 /* UIView+GKExtension.h */,
			);
			path = Category;
			sourceTree = "<group>";
		};
		F0746DEE1FC518E100429F3B /* Classes */ = {
			isa = PBXGroup;
			children = (
				F09319931FC5088700D04D82 /* AppDelegate.h */,
				F09319941FC5088700D04D82 /* AppDelegate.m */,
				F05D0E721FC5496F00FD4218 /* UPSPowerPCH.pch */,
				F01C69A71FD0F0D700BD280D /* UPSPower.h */,
				F05D0E4F1FC529E600FD4218 /* Category */,
				F09ECD9D1FD6A58F008E7D2C /* Tool */,
				F0746DF81FC518E100429F3B /* Main */,
				F02BEA721FC52614007FCF8A /* Equipment */,
				F0746DF41FC518E100429F3B /* Setting */,
				F0746DF01FC518E100429F3B /* Mine */,
				F0746DEF1FC518E100429F3B /* Other */,
			);
			path = Classes;
			sourceTree = "<group>";
		};
		F0746DEF1FC518E100429F3B /* Other */ = {
			isa = PBXGroup;
			children = (
				F093199C1FC5088700D04D82 /* UPSPower.xcdatamodeld */,
				F093199F1FC5088700D04D82 /* Assets.xcassets */,
				F09319A11FC5088700D04D82 /* LaunchScreen.storyboard */,
				F09319A51FC5088700D04D82 /* main.m */,
				F054D9471FCBED1D002BB8C6 /* alarmLevel.plist */,
			);
			path = Other;
			sourceTree = "<group>";
		};
		F0746DF01FC518E100429F3B /* Mine */ = {
			isa = PBXGroup;
			children = (
				F04BB4591FE2080300EA5B48 /* YCXMenu */,
				F0746DF11FC518E100429F3B /* Controller */,
				F0746DF21FC518E100429F3B /* Model */,
				F0746DF31FC518E100429F3B /* View */,
			);
			path = Mine;
			sourceTree = "<group>";
		};
		F0746DF11FC518E100429F3B /* Controller */ = {
			isa = PBXGroup;
			children = (
				F0DBFDB91FC524B2004F66C9 /* UPSMineVC.h */,
				F0DBFDBA1FC524B2004F66C9 /* UPSMineVC.m */,
				F054D9491FCC0866002BB8C6 /* UPSChildUsersVC.h */,
				F054D94A1FCC0866002BB8C6 /* UPSChildUsersVC.m */,
				F06512991FC7CBEE00CC1A87 /* UPSAlarmVC.h */,
				F065129A1FC7CBEE00CC1A87 /* UPSAlarmVC.m */,
				F06512961FC7ACF600CC1A87 /* UPSAboutUsVC.h */,
				F06512971FC7ACF600CC1A87 /* UPSAboutUsVC.m */,
			);
			path = Controller;
			sourceTree = "<group>";
		};
		F0746DF21FC518E100429F3B /* Model */ = {
			isa = PBXGroup;
			children = (
				F01C69A81FD0F7D300BD280D /* UPSChileUserCellModel.h */,
				F01C69A91FD0F7D300BD280D /* UPSChileUserCellModel.m */,
				F0E2B4791FD7D24400B14C69 /* UPSChildUserAccountModel.h */,
				F0E2B47A1FD7D24400B14C69 /* UPSChildUserAccountModel.m */,
				F0DE2D701FDA8A6C0080FAA5 /* UPSAddChildModel.h */,
				F0DE2D711FDA8A6C0080FAA5 /* UPSAddChildModel.m */,
				F01C59A91FE0C905005BDB12 /* UPSAlarmModel.h */,
				F01C59AA1FE0C905005BDB12 /* UPSAlarmModel.m */,
				F01C59AF1FE0CED7005BDB12 /* UPSScreeningAlarmModel.h */,
				F01C59B01FE0CED7005BDB12 /* UPSScreeningAlarmModel.m */,
				F01C59AC1FE0CDDF005BDB12 /* UPSUpdateAlermSettingModel.h */,
				F01C59AD1FE0CDDF005BDB12 /* UPSUpdateAlermSettingModel.m */,
			);
			path = Model;
			sourceTree = "<group>";
		};
		F0746DF31FC518E100429F3B /* View */ = {
			isa = PBXGroup;
			children = (
				F065129F1FC7F94100CC1A87 /* UPSAlarmCell.h */,
				F06512A01FC7F94100CC1A87 /* UPSAlarmCell.m */,
				F0ABAB661FC815A400B32BCF /* UPSAlarmBtn.h */,
				F0ABAB671FC815A400B32BCF /* UPSAlarmBtn.m */,
				F07C5AE41FCEB28D006C516C /* UPSChildUserCell.h */,
				F07C5AE51FCEB28D006C516C /* UPSChildUserCell.m */,
			);
			path = View;
			sourceTree = "<group>";
		};
		F0746DF41FC518E100429F3B /* Setting */ = {
			isa = PBXGroup;
			children = (
				F069109C1FFCB91300DEDDD5 /* GKCover */,
				F07945541FE905870002713F /* SDAutoLayout */,
				F0746DF51FC518E100429F3B /* Controller */,
				F0746DF61FC518E100429F3B /* Model */,
				F0746DF71FC518E100429F3B /* View */,
			);
			path = Setting;
			sourceTree = "<group>";
		};
		F0746DF51FC518E100429F3B /* Controller */ = {
			isa = PBXGroup;
			children = (
				F0DBFDB61FC5249D004F66C9 /* UPSSettingVC.h */,
				F0DBFDB71FC5249D004F66C9 /* UPSSettingVC.m */,
			);
			path = Controller;
			sourceTree = "<group>";
		};
		F0746DF61FC518E100429F3B /* Model */ = {
			isa = PBXGroup;
			children = (
				F079455C1FE90D960002713F /* UPSSettingModel.h */,
				F079455D1FE90D960002713F /* UPSSettingModel.m */,
				F0317E071FEA51DD0090575D /* UPSAlarmRecordModel.h */,
				F0317E081FEA51DD0090575D /* UPSAlarmRecordModel.m */,
				F0317E0A1FEA52000090575D /* UPSSingalAlarmRecordModel.h */,
				F0317E0B1FEA52000090575D /* UPSSingalAlarmRecordModel.m */,
			);
			path = Model;
			sourceTree = "<group>";
		};
		F0746DF71FC518E100429F3B /* View */ = {
			isa = PBXGroup;
			children = (
				F079454F1FE8FFD70002713F /* UPSSettingCell.h */,
				F07945501FE8FFD70002713F /* UPSSettingCell.m */,
				F07945511FE8FFD70002713F /* UPSSettingCell.xib */,
				F0A1D9831FFB738C00FC09F6 /* UPSAlarmView.h */,
				F0A1D9841FFB738C00FC09F6 /* UPSAlarmView.m */,
			);
			path = View;
			sourceTree = "<group>";
		};
		F0746DF81FC518E100429F3B /* Main */ = {
			isa = PBXGroup;
			children = (
				F0746DF91FC518E100429F3B /* Controller */,
				F0746DFA1FC518E100429F3B /* Model */,
				F0746DFB1FC518E100429F3B /* View */,
			);
			path = Main;
			sourceTree = "<group>";
		};
		F0746DF91FC518E100429F3B /* Controller */ = {
			isa = PBXGroup;
			children = (
				F09319E41FC51DE700D04D82 /* UPSTabVC.h */,
				F09319E51FC51DE700D04D82 /* UPSTabVC.m */,
				F09319E71FC51E5B00D04D82 /* UPSNacVC.h */,
				F09319E81FC51E5B00D04D82 /* UPSNacVC.m */,
				F01C69AB1FD12A2700BD280D /* UPSMainVC.h */,
				F01C69AC1FD12A2700BD280D /* UPSMainVC.m */,
			);
			path = Controller;
			sourceTree = "<group>";
		};
		F0746DFA1FC518E100429F3B /* Model */ = {
			isa = PBXGroup;
			children = (
				F038DE571FD77FC500867921 /* UPSMainModel.h */,
				F038DE581FD77FC500867921 /* UPSMainModel.m */,
				F07B2BCF1FD9462000BD9F1B /* UPSParentGroupModel.h */,
				F07B2BD01FD9462000BD9F1B /* UPSParentGroupModel.m */,
				F07B2BD21FD9467D00BD9F1B /* UPSGroupUPSModel.h */,
				F07B2BD31FD9467D00BD9F1B /* UPSGroupUPSModel.m */,
			);
			path = Model;
			sourceTree = "<group>";
		};
		F0746DFB1FC518E100429F3B /* View */ = {
			isa = PBXGroup;
			children = (
				F01C69B41FD135AA00BD280D /* UPSLoginView.h */,
				F01C69B51FD135AA00BD280D /* UPSLoginView.m */,
				F041551F1FD62A230032A2AF /* UPSLoginBackView.h */,
				F041551D1FD62A230032A2AF /* UPSLoginBackView.m */,
				F04155201FD62A230032A2AF /* UPSLoginTextField.h */,
				F041551E1FD62A230032A2AF /* UPSLoginTextField.m */,
			);
			path = View;
			sourceTree = "<group>";
		};
		F07945541FE905870002713F /* SDAutoLayout */ = {
			isa = PBXGroup;
			children = (
				F07945551FE905870002713F /* UIView+SDAutoLayout.m */,
				F07945561FE905870002713F /* UITableView+SDAutoTableViewCellHeight.h */,
				F07945571FE905870002713F /* SDAutoLayout.h */,
				F07945581FE905870002713F /* UITableView+SDAutoTableViewCellHeight.m */,
				F07945591FE905870002713F /* UIView+SDAutoLayout.h */,
			);
			path = SDAutoLayout;
			sourceTree = "<group>";
		};
		F09319871FC5088700D04D82 = {
			isa = PBXGroup;
			children = (
				F09319921FC5088700D04D82 /* UPSPower */,
				F09319AE1FC5088700D04D82 /* UPSPowerTests */,
				F09319B91FC5088800D04D82 /* UPSPowerUITests */,
				F0510F0D1FF0E12000BD1052 /* NotificationService */,
				F09319911FC5088700D04D82 /* Products */,
				13239FF878458D258D0C34AE /* Pods */,
				0DAF368A69731B5A01A1D758 /* Frameworks */,
			);
			sourceTree = "<group>";
		};
		F09319911FC5088700D04D82 /* Products */ = {
			isa = PBXGroup;
			children = (
				F09319901FC5088700D04D82 /* UPSPower.app */,
				F09319AB1FC5088700D04D82 /* UPSPowerTests.xctest */,
				F09319B61FC5088800D04D82 /* UPSPowerUITests.xctest */,
				F0510F0C1FF0E12000BD1052 /* NotificationService.appex */,
			);
			name = Products;
			sourceTree = "<group>";
		};
		F09319921FC5088700D04D82 /* UPSPower */ = {
			isa = PBXGroup;
			children = (
				F0510F191FF0E1DF00BD1052 /* UPSPower.entitlements */,
				F0746DEE1FC518E100429F3B /* Classes */,
				F09319A41FC5088700D04D82 /* Info.plist */,
			);
			path = UPSPower;
			sourceTree = "<group>";
		};
		F09319AE1FC5088700D04D82 /* UPSPowerTests */ = {
			isa = PBXGroup;
			children = (
				F09319AF1FC5088700D04D82 /* UPSPowerTests.m */,
				F09319B11FC5088800D04D82 /* Info.plist */,
			);
			path = UPSPowerTests;
			sourceTree = "<group>";
		};
		F09319B91FC5088800D04D82 /* UPSPowerUITests */ = {
			isa = PBXGroup;
			children = (
				F09319BA1FC5088800D04D82 /* UPSPowerUITests.m */,
				F09319BC1FC5088800D04D82 /* Info.plist */,
			);
			path = UPSPowerUITests;
			sourceTree = "<group>";
		};
		F09ECD9D1FD6A58F008E7D2C /* Tool */ = {
			isa = PBXGroup;
			children = (
				F05D0E5F1FC52A6200FD4218 /* Log */,
				F0228F7A1FD5310500A53245 /* UPSHttpNetWorkTool.h */,
				F0228F791FD5310500A53245 /* UPSHttpNetWorkTool.m */,
				F05D0E601FC52A6200FD4218 /* FileTool.h */,
				F05D0E621FC52A6200FD4218 /* FileTool.m */,
				F038DE5D1FD7929B00867921 /* UPSTool.h */,
				F038DE5E1FD7929B00867921 /* UPSTool.m */,
				F01D50781FF4CDF2000AAB27 /* UPSModelTool.h */,
				F01D50791FF4CDF2000AAB27 /* UPSModelTool.m */,
			);
			name = Tool;
			path = UPSPower/Tool;
			sourceTree = SOURCE_ROOT;
		};
/* End PBXGroup section */

/* Begin PBXNativeTarget section */
		F0510F0B1FF0E12000BD1052 /* NotificationService */ = {
			isa = PBXNativeTarget;
			buildConfigurationList = F0510F171FF0E12100BD1052 /* Build configuration list for PBXNativeTarget "NotificationService" */;
			buildPhases = (
				F0510F081FF0E12000BD1052 /* Sources */,
				F0510F091FF0E12000BD1052 /* Frameworks */,
				F0510F0A1FF0E12000BD1052 /* Resources */,
			);
			buildRules = (
			);
			dependencies = (
			);
			name = NotificationService;
			productName = NotificationService;
			productReference = F0510F0C1FF0E12000BD1052 /* NotificationService.appex */;
			productType = "com.apple.product-type.app-extension";
		};
		F093198F1FC5088700D04D82 /* UPSPower */ = {
			isa = PBXNativeTarget;
			buildConfigurationList = F09319BF1FC5088800D04D82 /* Build configuration list for PBXNativeTarget "UPSPower" */;
			buildPhases = (
				7CA68B7CDD69AD22408D93D6 /* [CP] Check Pods Manifest.lock */,
				F093198C1FC5088700D04D82 /* Sources */,
				F093198D1FC5088700D04D82 /* Frameworks */,
				F093198E1FC5088700D04D82 /* Resources */,
				FB3983EA542B036403DC9927 /* [CP] Embed Pods Frameworks */,
				4DFE0665C1AF73659E4EB027 /* [CP] Copy Pods Resources */,
				F0510F181FF0E12100BD1052 /* Embed App Extensions */,
			);
			buildRules = (
			);
			dependencies = (
				F0510F131FF0E12100BD1052 /* PBXTargetDependency */,
			);
			name = UPSPower;
			productName = UPSPower;
			productReference = F09319901FC5088700D04D82 /* UPSPower.app */;
			productType = "com.apple.product-type.application";
		};
		F09319AA1FC5088700D04D82 /* UPSPowerTests */ = {
			isa = PBXNativeTarget;
			buildConfigurationList = F09319C21FC5088800D04D82 /* Build configuration list for PBXNativeTarget "UPSPowerTests" */;
			buildPhases = (
				F09319A71FC5088700D04D82 /* Sources */,
				F09319A81FC5088700D04D82 /* Frameworks */,
				F09319A91FC5088700D04D82 /* Resources */,
			);
			buildRules = (
			);
			dependencies = (
				F09319AD1FC5088700D04D82 /* PBXTargetDependency */,
			);
			name = UPSPowerTests;
			productName = UPSPowerTests;
			productReference = F09319AB1FC5088700D04D82 /* UPSPowerTests.xctest */;
			productType = "com.apple.product-type.bundle.unit-test";
		};
		F09319B51FC5088800D04D82 /* UPSPowerUITests */ = {
			isa = PBXNativeTarget;
			buildConfigurationList = F09319C51FC5088800D04D82 /* Build configuration list for PBXNativeTarget "UPSPowerUITests" */;
			buildPhases = (
				F09319B21FC5088800D04D82 /* Sources */,
				F09319B31FC5088800D04D82 /* Frameworks */,
				F09319B41FC5088800D04D82 /* Resources */,
			);
			buildRules = (
			);
			dependencies = (
				F09319B81FC5088800D04D82 /* PBXTargetDependency */,
			);
			name = UPSPowerUITests;
			productName = UPSPowerUITests;
			productReference = F09319B61FC5088800D04D82 /* UPSPowerUITests.xctest */;
			productType = "com.apple.product-type.bundle.ui-testing";
		};
/* End PBXNativeTarget section */

/* Begin PBXProject section */
		F09319881FC5088700D04D82 /* Project object */ = {
			isa = PBXProject;
			attributes = {
				CLASSPREFIX = UPS;
				LastUpgradeCheck = 0910;
				ORGANIZATIONNAME = hjun;
				TargetAttributes = {
					F0510F0B1FF0E12000BD1052 = {
						CreatedOnToolsVersion = 9.1;
						ProvisioningStyle = Automatic;
					};
					F093198F1FC5088700D04D82 = {
						CreatedOnToolsVersion = 9.1;
						ProvisioningStyle = Automatic;
						SystemCapabilities = {
							com.apple.BackgroundModes = {
								enabled = 1;
							};
							com.apple.Push = {
								enabled = 1;
							};
						};
					};
					F09319AA1FC5088700D04D82 = {
						CreatedOnToolsVersion = 9.1;
						ProvisioningStyle = Automatic;
						TestTargetID = F093198F1FC5088700D04D82;
					};
					F09319B51FC5088800D04D82 = {
						CreatedOnToolsVersion = 9.1;
						ProvisioningStyle = Automatic;
						TestTargetID = F093198F1FC5088700D04D82;
					};
				};
			};
			buildConfigurationList = F093198B1FC5088700D04D82 /* Build configuration list for PBXProject "UPSPower" */;
			compatibilityVersion = "Xcode 8.0";
			developmentRegion = en;
			hasScannedForEncodings = 0;
			knownRegions = (
				en,
				Base,
			);
			mainGroup = F09319871FC5088700D04D82;
			productRefGroup = F09319911FC5088700D04D82 /* Products */;
			projectDirPath = "";
			projectRoot = "";
			targets = (
				F093198F1FC5088700D04D82 /* UPSPower */,
				F09319AA1FC5088700D04D82 /* UPSPowerTests */,
				F09319B51FC5088800D04D82 /* UPSPowerUITests */,
				F0510F0B1FF0E12000BD1052 /* NotificationService */,
			);
		};
/* End PBXProject section */

/* Begin PBXResourcesBuildPhase section */
		F0510F0A1FF0E12000BD1052 /* Resources */ = {
			isa = PBXResourcesBuildPhase;
			buildActionMask = 2147483647;
			files = (
			);
			runOnlyForDeploymentPostprocessing = 0;
		};
		F093198E1FC5088700D04D82 /* Resources */ = {
			isa = PBXResourcesBuildPhase;
			buildActionMask = 2147483647;
			files = (
				F09319A31FC5088700D04D82 /* LaunchScreen.storyboard in Resources */,
				F09319A01FC5088700D04D82 /* Assets.xcassets in Resources */,
				F05D0E701FC544E200FD4218 /* Arrow.png in Resources */,
				F054D9481FCBED1D002BB8C6 /* alarmLevel.plist in Resources */,
				F07945531FE8FFD70002713F /* UPSSettingCell.xib in Resources */,
			);
			runOnlyForDeploymentPostprocessing = 0;
		};
		F09319A91FC5088700D04D82 /* Resources */ = {
			isa = PBXResourcesBuildPhase;
			buildActionMask = 2147483647;
			files = (
			);
			runOnlyForDeploymentPostprocessing = 0;
		};
		F09319B41FC5088800D04D82 /* Resources */ = {
			isa = PBXResourcesBuildPhase;
			buildActionMask = 2147483647;
			files = (
			);
			runOnlyForDeploymentPostprocessing = 0;
		};
/* End PBXResourcesBuildPhase section */

/* Begin PBXShellScriptBuildPhase section */
		4DFE0665C1AF73659E4EB027 /* [CP] Copy Pods Resources */ = {
			isa = PBXShellScriptBuildPhase;
			buildActionMask = 2147483647;
			files = (
			);
			inputPaths = (
				"${SRCROOT}/Pods/Target Support Files/Pods-UPSPower/Pods-UPSPower-resources.sh",
				"${PODS_ROOT}/MJRefresh/MJRefresh/MJRefresh.bundle",
				"${PODS_ROOT}/SVProgressHUD/SVProgressHUD/SVProgressHUD.bundle",
			);
			name = "[CP] Copy Pods Resources";
			outputPaths = (
				"${TARGET_BUILD_DIR}/${UNLOCALIZED_RESOURCES_FOLDER_PATH}",
			);
			runOnlyForDeploymentPostprocessing = 0;
			shellPath = /bin/sh;
			shellScript = "\"${SRCROOT}/Pods/Target Support Files/Pods-UPSPower/Pods-UPSPower-resources.sh\"\n";
			showEnvVarsInLog = 0;
		};
		7CA68B7CDD69AD22408D93D6 /* [CP] Check Pods Manifest.lock */ = {
			isa = PBXShellScriptBuildPhase;
			buildActionMask = 2147483647;
			files = (
			);
			inputPaths = (
				"${PODS_PODFILE_DIR_PATH}/Podfile.lock",
				"${PODS_ROOT}/Manifest.lock",
			);
			name = "[CP] Check Pods Manifest.lock";
			outputPaths = (
				"$(DERIVED_FILE_DIR)/Pods-UPSPower-checkManifestLockResult.txt",
			);
			runOnlyForDeploymentPostprocessing = 0;
			shellPath = /bin/sh;
			shellScript = "diff \"${PODS_PODFILE_DIR_PATH}/Podfile.lock\" \"${PODS_ROOT}/Manifest.lock\" > /dev/null\nif [ $? != 0 ] ; then\n    # print error to STDERR\n    echo \"error: The sandbox is not in sync with the Podfile.lock. Run 'pod install' or update your CocoaPods installation.\" >&2\n    exit 1\nfi\n# This output is used by Xcode 'outputs' to avoid re-running this script phase.\necho \"SUCCESS\" > \"${SCRIPT_OUTPUT_FILE_0}\"\n";
			showEnvVarsInLog = 0;
		};
		FB3983EA542B036403DC9927 /* [CP] Embed Pods Frameworks */ = {
			isa = PBXShellScriptBuildPhase;
			buildActionMask = 2147483647;
			files = (
			);
			inputPaths = (
			);
			name = "[CP] Embed Pods Frameworks";
			outputPaths = (
			);
			runOnlyForDeploymentPostprocessing = 0;
			shellPath = /bin/sh;
			shellScript = "\"${SRCROOT}/Pods/Target Support Files/Pods-UPSPower/Pods-UPSPower-frameworks.sh\"\n";
			showEnvVarsInLog = 0;
		};
/* End PBXShellScriptBuildPhase section */

/* Begin PBXSourcesBuildPhase section */
		F0510F081FF0E12000BD1052 /* Sources */ = {
			isa = PBXSourcesBuildPhase;
			buildActionMask = 2147483647;
			files = (
				F0510F101FF0E12000BD1052 /* NotificationService.m in Sources */,
			);
			runOnlyForDeploymentPostprocessing = 0;
		};
		F093198C1FC5088700D04D82 /* Sources */ = {
			isa = PBXSourcesBuildPhase;
			buildActionMask = 2147483647;
			files = (
				F082E8AF1FF2067800BA3DEF /* UPSEquipmentVC.m in Sources */,
				F04155211FD62A230032A2AF /* UPSLoginBackView.m in Sources */,
				F093199E1FC5088700D04D82 /* UPSPower.xcdatamodeld in Sources */,
				F0228F7B1FD5310500A53245 /* UPSHttpNetWorkTool.m in Sources */,
				F05D0E5B1FC529E600FD4218 /* UIImage+Image.m in Sources */,
				F054D94B1FCC0866002BB8C6 /* UPSChildUsersVC.m in Sources */,
				F0317E091FEA51DD0090575D /* UPSAlarmRecordModel.m in Sources */,
				F01C69AD1FD12A2700BD280D /* UPSMainVC.m in Sources */,
				F05D0E6F1FC544E200FD4218 /* YUFoldingTableView.m in Sources */,
				F04BB45E1FE2080300EA5B48 /* YCXMenu.m in Sources */,
				F01C69AA1FD0F7D300BD280D /* UPSChileUserCellModel.m in Sources */,
				F0C9438D1FC6A17900A4B7DB /* UPSUnknownVC.m in Sources */,
				F07B2BD41FD9467D00BD9F1B /* UPSGroupUPSModel.m in Sources */,
				F06910A31FFCB91300DEDDD5 /* UIView+GKExtension.m in Sources */,
				F05D0E651FC52A6200FD4218 /* FileTool.m in Sources */,
				F0DE2D6F1FDA76A50080FAA5 /* UPSAddGroup.m in Sources */,
				F079455B1FE905880002713F /* UITableView+SDAutoTableViewCellHeight.m in Sources */,
				F05D0E711FC544E200FD4218 /* YUFoldingSectionHeader.m in Sources */,
				F04BB45F1FE2080300EA5B48 /* YCXMenuItem.m in Sources */,
				F05D0E641FC52A6200FD4218 /* NSObject+Log.m in Sources */,
				F07945521FE8FFD70002713F /* UPSSettingCell.m in Sources */,
				F06512A11FC7F94100CC1A87 /* UPSAlarmCell.m in Sources */,
				F09319E61FC51DE700D04D82 /* UPSTabVC.m in Sources */,
				F0C9438A1FC6A15900A4B7DB /* UPSNormalVC.m in Sources */,
				F09319E91FC51E5B00D04D82 /* UPSNacVC.m in Sources */,
				F05D0E681FC52BA800FD4218 /* UIView+ZUtility.m in Sources */,
				F0E2B47B1FD7D24400B14C69 /* UPSChildUserAccountModel.m in Sources */,
				F0DE2D721FDA8A6C0080FAA5 /* UPSAddChildModel.m in Sources */,
				F025C6A81FF36DB900EAFBD6 /* UPSBaseInfoModel.m in Sources */,
				F04155221FD62A230032A2AF /* UPSLoginTextField.m in Sources */,
				F07B2BD11FD9462000BD9F1B /* UPSParentGroupModel.m in Sources */,
				F079455A1FE905880002713F /* UIView+SDAutoLayout.m in Sources */,
				F079455E1FE90D960002713F /* UPSSettingModel.m in Sources */,
				F05D0E9A1FC56FF200FD4218 /* UPSEquipmentCell.m in Sources */,
				F0DBFDBB1FC524B2004F66C9 /* UPSMineVC.m in Sources */,
				F038DE5C1FD7855000867921 /* UPSEquipmentModel.m in Sources */,
				F0C943901FC6A1A300A4B7DB /* UPSFaultVC.m in Sources */,
				F09319A61FC5088700D04D82 /* main.m in Sources */,
				F038DE591FD77FC500867921 /* UPSMainModel.m in Sources */,
				F04F3C911FF5D4C100310137 /* CPMoveCellTableView.m in Sources */,
				F025C6AB1FF36F3E00EAFBD6 /* UPSBaseInfoVC.m in Sources */,
				F0ABAB681FC815A400B32BCF /* UPSAlarmBtn.m in Sources */,
				F0A1D9851FFB738C00FC09F6 /* UPSAlarmView.m in Sources */,
				F01C59B11FE0CED7005BDB12 /* UPSScreeningAlarmModel.m in Sources */,
				F01D507A1FF4CDF2000AAB27 /* UPSModelTool.m in Sources */,
				F07C5AE61FCEB28D006C516C /* UPSChildUserCell.m in Sources */,
				F0317E0C1FEA52000090575D /* UPSSingalAlarmRecordModel.m in Sources */,
				F01C69B61FD135AA00BD280D /* UPSLoginView.m in Sources */,
				F06512981FC7ACF600CC1A87 /* UPSAboutUsVC.m in Sources */,
				F065129B1FC7CBEE00CC1A87 /* UPSAlarmVC.m in Sources */,
				F030EE101FECB59B00C8DA22 /* UPSContactVC.m in Sources */,
				F01C59AB1FE0C905005BDB12 /* UPSAlarmModel.m in Sources */,
				F0DBFDB81FC5249D004F66C9 /* UPSSettingVC.m in Sources */,
				F038DE5F1FD7929B00867921 /* UPSTool.m in Sources */,
				F09319951FC5088700D04D82 /* AppDelegate.m in Sources */,
				F06910A41FFCB91300DEDDD5 /* GKCover.m in Sources */,
				F025C6A51FF36D3B00EAFBD6 /* UPSHistoryModel.m in Sources */,
				F01C59AE1FE0CDDF005BDB12 /* UPSUpdateAlermSettingModel.m in Sources */,
			);
			runOnlyForDeploymentPostprocessing = 0;
		};
		F09319A71FC5088700D04D82 /* Sources */ = {
			isa = PBXSourcesBuildPhase;
			buildActionMask = 2147483647;
			files = (
				F09319B01FC5088700D04D82 /* UPSPowerTests.m in Sources */,
			);
			runOnlyForDeploymentPostprocessing = 0;
		};
		F09319B21FC5088800D04D82 /* Sources */ = {
			isa = PBXSourcesBuildPhase;
			buildActionMask = 2147483647;
			files = (
				F09319BB1FC5088800D04D82 /* UPSPowerUITests.m in Sources */,
			);
			runOnlyForDeploymentPostprocessing = 0;
		};
/* End PBXSourcesBuildPhase section */

/* Begin PBXTargetDependency section */
		F0510F131FF0E12100BD1052 /* PBXTargetDependency */ = {
			isa = PBXTargetDependency;
			target = F0510F0B1FF0E12000BD1052 /* NotificationService */;
			targetProxy = F0510F121FF0E12100BD1052 /* PBXContainerItemProxy */;
		};
		F09319AD1FC5088700D04D82 /* PBXTargetDependency */ = {
			isa = PBXTargetDependency;
			target = F093198F1FC5088700D04D82 /* UPSPower */;
			targetProxy = F09319AC1FC5088700D04D82 /* PBXContainerItemProxy */;
		};
		F09319B81FC5088800D04D82 /* PBXTargetDependency */ = {
			isa = PBXTargetDependency;
			target = F093198F1FC5088700D04D82 /* UPSPower */;
			targetProxy = F09319B71FC5088800D04D82 /* PBXContainerItemProxy */;
		};
/* End PBXTargetDependency section */

/* Begin PBXVariantGroup section */
		F09319A11FC5088700D04D82 /* LaunchScreen.storyboard */ = {
			isa = PBXVariantGroup;
			children = (
				F09319A21FC5088700D04D82 /* Base */,
			);
			name = LaunchScreen.storyboard;
			sourceTree = "<group>";
		};
/* End PBXVariantGroup section */

/* Begin XCBuildConfiguration section */
		F0510F151FF0E12100BD1052 /* Debug */ = {
			isa = XCBuildConfiguration;
			buildSettings = {
				CODE_SIGN_STYLE = Automatic;
				DEVELOPMENT_TEAM = A2N8A4ABC3;
				INFOPLIST_FILE = NotificationService/Info.plist;
				LD_RUNPATH_SEARCH_PATHS = "$(inherited) @executable_path/Frameworks @executable_path/../../Frameworks";
				PRODUCT_BUNDLE_IDENTIFIER = "cn.cl-ele.upspower.NotificationService";
				PRODUCT_NAME = "$(TARGET_NAME)";
				SKIP_INSTALL = YES;
				TARGETED_DEVICE_FAMILY = "1,2";
			};
			name = Debug;
		};
		F0510F161FF0E12100BD1052 /* Release */ = {
			isa = XCBuildConfiguration;
			buildSettings = {
				CODE_SIGN_STYLE = Automatic;
				DEVELOPMENT_TEAM = A2N8A4ABC3;
				INFOPLIST_FILE = NotificationService/Info.plist;
				LD_RUNPATH_SEARCH_PATHS = "$(inherited) @executable_path/Frameworks @executable_path/../../Frameworks";
				PRODUCT_BUNDLE_IDENTIFIER = "cn.cl-ele.upspower.NotificationService";
				PRODUCT_NAME = "$(TARGET_NAME)";
				SKIP_INSTALL = YES;
				TARGETED_DEVICE_FAMILY = "1,2";
			};
			name = Release;
		};
		F09319BD1FC5088800D04D82 /* Debug */ = {
			isa = XCBuildConfiguration;
			buildSettings = {
				ALWAYS_SEARCH_USER_PATHS = NO;
				CLANG_ANALYZER_NONNULL = YES;
				CLANG_ANALYZER_NUMBER_OBJECT_CONVERSION = YES_AGGRESSIVE;
				CLANG_CXX_LANGUAGE_STANDARD = "gnu++14";
				CLANG_CXX_LIBRARY = "libc++";
				CLANG_ENABLE_MODULES = YES;
				CLANG_ENABLE_OBJC_ARC = YES;
				CLANG_WARN_BLOCK_CAPTURE_AUTORELEASING = YES;
				CLANG_WARN_BOOL_CONVERSION = YES;
				CLANG_WARN_COMMA = YES;
				CLANG_WARN_CONSTANT_CONVERSION = YES;
				CLANG_WARN_DIRECT_OBJC_ISA_USAGE = YES_ERROR;
				CLANG_WARN_DOCUMENTATION_COMMENTS = YES;
				CLANG_WARN_EMPTY_BODY = YES;
				CLANG_WARN_ENUM_CONVERSION = YES;
				CLANG_WARN_INFINITE_RECURSION = YES;
				CLANG_WARN_INT_CONVERSION = YES;
				CLANG_WARN_NON_LITERAL_NULL_CONVERSION = YES;
				CLANG_WARN_OBJC_LITERAL_CONVERSION = YES;
				CLANG_WARN_OBJC_ROOT_CLASS = YES_ERROR;
				CLANG_WARN_RANGE_LOOP_ANALYSIS = YES;
				CLANG_WARN_STRICT_PROTOTYPES = YES;
				CLANG_WARN_SUSPICIOUS_MOVE = YES;
				CLANG_WARN_UNGUARDED_AVAILABILITY = YES_AGGRESSIVE;
				CLANG_WARN_UNREACHABLE_CODE = YES;
				CLANG_WARN__DUPLICATE_METHOD_MATCH = YES;
				CODE_SIGN_IDENTITY = "iPhone Developer";
				COPY_PHASE_STRIP = NO;
				DEBUG_INFORMATION_FORMAT = dwarf;
				ENABLE_STRICT_OBJC_MSGSEND = YES;
				ENABLE_TESTABILITY = YES;
				GCC_C_LANGUAGE_STANDARD = gnu11;
				GCC_DYNAMIC_NO_PIC = NO;
				GCC_NO_COMMON_BLOCKS = YES;
				GCC_OPTIMIZATION_LEVEL = 0;
				GCC_PREPROCESSOR_DEFINITIONS = (
					"DEBUG=1",
					"$(inherited)",
				);
				GCC_WARN_64_TO_32_BIT_CONVERSION = YES;
				GCC_WARN_ABOUT_RETURN_TYPE = YES_ERROR;
				GCC_WARN_UNDECLARED_SELECTOR = YES;
				GCC_WARN_UNINITIALIZED_AUTOS = YES_AGGRESSIVE;
				GCC_WARN_UNUSED_FUNCTION = YES;
				GCC_WARN_UNUSED_VARIABLE = YES;
				IPHONEOS_DEPLOYMENT_TARGET = 11.1;
				MTL_ENABLE_DEBUG_INFO = YES;
				ONLY_ACTIVE_ARCH = YES;
				SDKROOT = iphoneos;
			};
			name = Debug;
		};
		F09319BE1FC5088800D04D82 /* Release */ = {
			isa = XCBuildConfiguration;
			buildSettings = {
				ALWAYS_SEARCH_USER_PATHS = NO;
				CLANG_ANALYZER_NONNULL = YES;
				CLANG_ANALYZER_NUMBER_OBJECT_CONVERSION = YES_AGGRESSIVE;
				CLANG_CXX_LANGUAGE_STANDARD = "gnu++14";
				CLANG_CXX_LIBRARY = "libc++";
				CLANG_ENABLE_MODULES = YES;
				CLANG_ENABLE_OBJC_ARC = YES;
				CLANG_WARN_BLOCK_CAPTURE_AUTORELEASING = YES;
				CLANG_WARN_BOOL_CONVERSION = YES;
				CLANG_WARN_COMMA = YES;
				CLANG_WARN_CONSTANT_CONVERSION = YES;
				CLANG_WARN_DIRECT_OBJC_ISA_USAGE = YES_ERROR;
				CLANG_WARN_DOCUMENTATION_COMMENTS = YES;
				CLANG_WARN_EMPTY_BODY = YES;
				CLANG_WARN_ENUM_CONVERSION = YES;
				CLANG_WARN_INFINITE_RECURSION = YES;
				CLANG_WARN_INT_CONVERSION = YES;
				CLANG_WARN_NON_LITERAL_NULL_CONVERSION = YES;
				CLANG_WARN_OBJC_LITERAL_CONVERSION = YES;
				CLANG_WARN_OBJC_ROOT_CLASS = YES_ERROR;
				CLANG_WARN_RANGE_LOOP_ANALYSIS = YES;
				CLANG_WARN_STRICT_PROTOTYPES = YES;
				CLANG_WARN_SUSPICIOUS_MOVE = YES;
				CLANG_WARN_UNGUARDED_AVAILABILITY = YES_AGGRESSIVE;
				CLANG_WARN_UNREACHABLE_CODE = YES;
				CLANG_WARN__DUPLICATE_METHOD_MATCH = YES;
				CODE_SIGN_IDENTITY = "iPhone Developer";
				COPY_PHASE_STRIP = NO;
				DEBUG_INFORMATION_FORMAT = "dwarf-with-dsym";
				ENABLE_NS_ASSERTIONS = NO;
				ENABLE_STRICT_OBJC_MSGSEND = YES;
				GCC_C_LANGUAGE_STANDARD = gnu11;
				GCC_NO_COMMON_BLOCKS = YES;
				GCC_WARN_64_TO_32_BIT_CONVERSION = YES;
				GCC_WARN_ABOUT_RETURN_TYPE = YES_ERROR;
				GCC_WARN_UNDECLARED_SELECTOR = YES;
				GCC_WARN_UNINITIALIZED_AUTOS = YES_AGGRESSIVE;
				GCC_WARN_UNUSED_FUNCTION = YES;
				GCC_WARN_UNUSED_VARIABLE = YES;
				IPHONEOS_DEPLOYMENT_TARGET = 11.1;
				MTL_ENABLE_DEBUG_INFO = NO;
				SDKROOT = iphoneos;
				VALIDATE_PRODUCT = YES;
			};
			name = Release;
		};
		F09319C01FC5088800D04D82 /* Debug */ = {
			isa = XCBuildConfiguration;
			baseConfigurationReference = AADD0DE3F747753B7EDA9FDF /* Pods-UPSPower.debug.xcconfig */;
			buildSettings = {
				ASSETCATALOG_COMPILER_APPICON_NAME = AppIcon;
				CODE_SIGN_ENTITLEMENTS = UPSPower/UPSPower.entitlements;
				"CODE_SIGN_IDENTITY[sdk=iphoneos*]" = "iPhone Developer";
				CODE_SIGN_STYLE = Automatic;
				DEVELOPMENT_TEAM = A2N8A4ABC3;
				GCC_PREFIX_HEADER = /Users/hjun/Desktop/UPSPower/UPSPower/UPSPower/Classes/UPSPowerPCH.pch;
				INFOPLIST_FILE = UPSPower/Info.plist;
				IPHONEOS_DEPLOYMENT_TARGET = 9.0;
				LD_RUNPATH_SEARCH_PATHS = "$(inherited) @executable_path/Frameworks";
				PRODUCT_BUNDLE_IDENTIFIER = "cn.cl-ele.upspower";
				PRODUCT_NAME = "$(TARGET_NAME)";
				PROVISIONING_PROFILE_SPECIFIER = "";
				TARGETED_DEVICE_FAMILY = "1,2";
			};
			name = Debug;
		};
		F09319C11FC5088800D04D82 /* Release */ = {
			isa = XCBuildConfiguration;
			baseConfigurationReference = E3FD12E4C475D74F1A321C9C /* Pods-UPSPower.release.xcconfig */;
			buildSettings = {
				ASSETCATALOG_COMPILER_APPICON_NAME = AppIcon;
				CODE_SIGN_ENTITLEMENTS = UPSPower/UPSPower.entitlements;
				"CODE_SIGN_IDENTITY[sdk=iphoneos*]" = "iPhone Developer";
				CODE_SIGN_STYLE = Automatic;
				DEVELOPMENT_TEAM = A2N8A4ABC3;
				GCC_PREFIX_HEADER = /Users/hjun/Desktop/UPSPower/UPSPower/UPSPower/Classes/UPSPowerPCH.pch;
				INFOPLIST_FILE = UPSPower/Info.plist;
				IPHONEOS_DEPLOYMENT_TARGET = 9.0;
				LD_RUNPATH_SEARCH_PATHS = "$(inherited) @executable_path/Frameworks";
				PRODUCT_BUNDLE_IDENTIFIER = "cn.cl-ele.upspower";
				PRODUCT_NAME = "$(TARGET_NAME)";
				PROVISIONING_PROFILE_SPECIFIER = "";
				TARGETED_DEVICE_FAMILY = "1,2";
			};
			name = Release;
		};
		F09319C31FC5088800D04D82 /* Debug */ = {
			isa = XCBuildConfiguration;
			buildSettings = {
				BUNDLE_LOADER = "$(TEST_HOST)";
				CODE_SIGN_STYLE = Automatic;
				DEVELOPMENT_TEAM = A2N8A4ABC3;
				INFOPLIST_FILE = UPSPowerTests/Info.plist;
				LD_RUNPATH_SEARCH_PATHS = "$(inherited) @executable_path/Frameworks @loader_path/Frameworks";
				PRODUCT_BUNDLE_IDENTIFIER = "cn.cl-ele.upspower.UPSPowerTests";
				PRODUCT_NAME = "$(TARGET_NAME)";
				TARGETED_DEVICE_FAMILY = "1,2";
				TEST_HOST = "$(BUILT_PRODUCTS_DIR)/UPSPower.app/UPSPower";
			};
			name = Debug;
		};
		F09319C41FC5088800D04D82 /* Release */ = {
			isa = XCBuildConfiguration;
			buildSettings = {
				BUNDLE_LOADER = "$(TEST_HOST)";
				CODE_SIGN_STYLE = Automatic;
				DEVELOPMENT_TEAM = A2N8A4ABC3;
				INFOPLIST_FILE = UPSPowerTests/Info.plist;
				LD_RUNPATH_SEARCH_PATHS = "$(inherited) @executable_path/Frameworks @loader_path/Frameworks";
				PRODUCT_BUNDLE_IDENTIFIER = "cn.cl-ele.upspower.UPSPowerTests";
				PRODUCT_NAME = "$(TARGET_NAME)";
				TARGETED_DEVICE_FAMILY = "1,2";
				TEST_HOST = "$(BUILT_PRODUCTS_DIR)/UPSPower.app/UPSPower";
			};
			name = Release;
		};
		F09319C61FC5088800D04D82 /* Debug */ = {
			isa = XCBuildConfiguration;
			buildSettings = {
				CODE_SIGN_STYLE = Automatic;
				DEVELOPMENT_TEAM = A2N8A4ABC3;
				INFOPLIST_FILE = UPSPowerUITests/Info.plist;
				LD_RUNPATH_SEARCH_PATHS = "$(inherited) @executable_path/Frameworks @loader_path/Frameworks";
				PRODUCT_BUNDLE_IDENTIFIER = "cn.cl-ele.upspower.UPSPowerUITests";
				PRODUCT_NAME = "$(TARGET_NAME)";
				TARGETED_DEVICE_FAMILY = "1,2";
				TEST_TARGET_NAME = UPSPower;
			};
			name = Debug;
		};
		F09319C71FC5088800D04D82 /* Release */ = {
			isa = XCBuildConfiguration;
			buildSettings = {
				CODE_SIGN_STYLE = Automatic;
				DEVELOPMENT_TEAM = A2N8A4ABC3;
				INFOPLIST_FILE = UPSPowerUITests/Info.plist;
				LD_RUNPATH_SEARCH_PATHS = "$(inherited) @executable_path/Frameworks @loader_path/Frameworks";
				PRODUCT_BUNDLE_IDENTIFIER = "cn.cl-ele.upspower.UPSPowerUITests";
				PRODUCT_NAME = "$(TARGET_NAME)";
				TARGETED_DEVICE_FAMILY = "1,2";
				TEST_TARGET_NAME = UPSPower;
			};
			name = Release;
		};
/* End XCBuildConfiguration section */

/* Begin XCConfigurationList section */
		F0510F171FF0E12100BD1052 /* Build configuration list for PBXNativeTarget "NotificationService" */ = {
			isa = XCConfigurationList;
			buildConfigurations = (
				F0510F151FF0E12100BD1052 /* Debug */,
				F0510F161FF0E12100BD1052 /* Release */,
			);
			defaultConfigurationIsVisible = 0;
			defaultConfigurationName = Release;
		};
		F093198B1FC5088700D04D82 /* Build configuration list for PBXProject "UPSPower" */ = {
			isa = XCConfigurationList;
			buildConfigurations = (
				F09319BD1FC5088800D04D82 /* Debug */,
				F09319BE1FC5088800D04D82 /* Release */,
			);
			defaultConfigurationIsVisible = 0;
			defaultConfigurationName = Release;
		};
		F09319BF1FC5088800D04D82 /* Build configuration list for PBXNativeTarget "UPSPower" */ = {
			isa = XCConfigurationList;
			buildConfigurations = (
				F09319C01FC5088800D04D82 /* Debug */,
				F09319C11FC5088800D04D82 /* Release */,
			);
			defaultConfigurationIsVisible = 0;
			defaultConfigurationName = Release;
		};
		F09319C21FC5088800D04D82 /* Build configuration list for PBXNativeTarget "UPSPowerTests" */ = {
			isa = XCConfigurationList;
			buildConfigurations = (
				F09319C31FC5088800D04D82 /* Debug */,
				F09319C41FC5088800D04D82 /* Release */,
			);
			defaultConfigurationIsVisible = 0;
			defaultConfigurationName = Release;
		};
		F09319C51FC5088800D04D82 /* Build configuration list for PBXNativeTarget "UPSPowerUITests" */ = {
			isa = XCConfigurationList;
			buildConfigurations = (
				F09319C61FC5088800D04D82 /* Debug */,
				F09319C71FC5088800D04D82 /* Release */,
			);
			defaultConfigurationIsVisible = 0;
			defaultConfigurationName = Release;
		};
/* End XCConfigurationList section */

/* Begin XCVersionGroup section */
		F093199C1FC5088700D04D82 /* UPSPower.xcdatamodeld */ = {
			isa = XCVersionGroup;
			children = (
				F093199D1FC5088700D04D82 /* UPSPower.xcdatamodel */,
			);
			currentVersion = F093199D1FC5088700D04D82 /* UPSPower.xcdatamodel */;
			path = UPSPower.xcdatamodeld;
			sourceTree = "<group>";
			versionGroupType = wrapper.xcdatamodel;
		};
/* End XCVersionGroup section */
	};
	rootObject = F09319881FC5088700D04D82 /* Project object */;
}
